// !$*UTF8*$!
{
	archiveVersion = 1;
	classes = {
	};
	objectVersion = 46;
	objects = {

/* Begin PBXBuildFile section */
		160AAABB22EEC9FB00F69973 /* LKXTabBarItemModel.m in Sources */ = {isa = PBXBuildFile; fileRef = 160AAABA22EEC9FB00F69973 /* LKXTabBarItemModel.m */; };
		1626DC371DE82DC9005C70C2 /* LKXApplicationInfo.m in Sources */ = {isa = PBXBuildFile; fileRef = 1626DC361DE82DC9005C70C2 /* LKXApplicationInfo.m */; };
		16347F011DB8D22A00D997C7 /* UIControl+LKXRuntime.m in Sources */ = {isa = PBXBuildFile; fileRef = 16347F001DB8D22A00D997C7 /* UIControl+LKXRuntime.m */; };
		16366EB1234E119E00E1BFD2 /* NSTimer+LKXWeakTime.m in Sources */ = {isa = PBXBuildFile; fileRef = 16366EB0234E119E00E1BFD2 /* NSTimer+LKXWeakTime.m */; };
		163B6E4D2387D493009C7D5B /* LKXUser.m in Sources */ = {isa = PBXBuildFile; fileRef = 163B6E4C2387D492009C7D5B /* LKXUser.m */; };
		163DF2281CC6000600A2DA26 /* LKXFrameworkForiOSTests.m in Sources */ = {isa = PBXBuildFile; fileRef = 163DF2271CC6000600A2DA26 /* LKXFrameworkForiOSTests.m */; };
		163DF2331CC6000600A2DA26 /* LKXFrameworkForiOSUITests.m in Sources */ = {isa = PBXBuildFile; fileRef = 163DF2321CC6000600A2DA26 /* LKXFrameworkForiOSUITests.m */; };
		164C710B22A665160014ACBF /* sm.jpg in Resources */ = {isa = PBXBuildFile; fileRef = 164C710A22A665160014ACBF /* sm.jpg */; };
		164EAD7F1FBBDFD800BAFED4 /* LKXStretchingHeaderViewController.m in Sources */ = {isa = PBXBuildFile; fileRef = 164EAD7E1FBBDFD800BAFED4 /* LKXStretchingHeaderViewController.m */; };
		164EAD821FBBEFE800BAFED4 /* UINavigationController+LKXCategory.m in Sources */ = {isa = PBXBuildFile; fileRef = 164EAD811FBBEFE800BAFED4 /* UINavigationController+LKXCategory.m */; };
		164EAD841FBC4AA900BAFED4 /* LKXUserTests.m in Sources */ = {isa = PBXBuildFile; fileRef = 164EAD831FBC4AA900BAFED4 /* LKXUserTests.m */; };
		1650572925273350002BEE37 /* LKXFrameworkForiOS.podspec in Resources */ = {isa = PBXBuildFile; fileRef = 1650572825273350002BEE37 /* LKXFrameworkForiOS.podspec */; };
		166489B91D4B076B0037F789 /* LKXBarButton.m in Sources */ = {isa = PBXBuildFile; fileRef = 166489B81D4B076B0037F789 /* LKXBarButton.m */; };
		1665ED761F287214000CCD4F /* LKXAlertTool.m in Sources */ = {isa = PBXBuildFile; fileRef = 1665ED751F287214000CCD4F /* LKXAlertTool.m */; };
		166C73441D4B4FBF00D66FEA /* NSLayoutConstraint+Addition.m in Sources */ = {isa = PBXBuildFile; fileRef = 166C72F31D4B4FBF00D66FEA /* NSLayoutConstraint+Addition.m */; };
		166C73451D4B4FBF00D66FEA /* NSLayoutConstraint+Horizontal.m in Sources */ = {isa = PBXBuildFile; fileRef = 166C72F51D4B4FBF00D66FEA /* NSLayoutConstraint+Horizontal.m */; };
		166C73461D4B4FBF00D66FEA /* NSLayoutConstraint+Vertical.m in Sources */ = {isa = PBXBuildFile; fileRef = 166C72F71D4B4FBF00D66FEA /* NSLayoutConstraint+Vertical.m */; };
		166C73471D4B4FBF00D66FEA /* CAShapeLayer+LKXCategory.m in Sources */ = {isa = PBXBuildFile; fileRef = 166C72FB1D4B4FBF00D66FEA /* CAShapeLayer+LKXCategory.m */; };
		166C73481D4B4FBF00D66FEA /* NSArray+LKXCategory.m in Sources */ = {isa = PBXBuildFile; fileRef = 166C72FD1D4B4FBF00D66FEA /* NSArray+LKXCategory.m */; };
		166C73491D4B4FBF00D66FEA /* NSData+LKXCategory.m in Sources */ = {isa = PBXBuildFile; fileRef = 166C72FF1D4B4FBF00D66FEA /* NSData+LKXCategory.m */; };
		166C734A1D4B4FBF00D66FEA /* NSDate+LKXCategory.m in Sources */ = {isa = PBXBuildFile; fileRef = 166C73011D4B4FBF00D66FEA /* NSDate+LKXCategory.m */; };
		166C734B1D4B4FBF00D66FEA /* NSDate+LKXFormatter.m in Sources */ = {isa = PBXBuildFile; fileRef = 166C73031D4B4FBF00D66FEA /* NSDate+LKXFormatter.m */; };
		166C734C1D4B4FBF00D66FEA /* NSMutableAttributedString+LKXCategory.m in Sources */ = {isa = PBXBuildFile; fileRef = 166C73051D4B4FBF00D66FEA /* NSMutableAttributedString+LKXCategory.m */; };
		166C734D1D4B4FBF00D66FEA /* NSString+LKXCategory.m in Sources */ = {isa = PBXBuildFile; fileRef = 166C73071D4B4FBF00D66FEA /* NSString+LKXCategory.m */; };
		166C734E1D4B4FBF00D66FEA /* NSString+LKXEncryption.m in Sources */ = {isa = PBXBuildFile; fileRef = 166C73091D4B4FBF00D66FEA /* NSString+LKXEncryption.m */; };
		166C734F1D4B4FBF00D66FEA /* NSString+LKXVerification.m in Sources */ = {isa = PBXBuildFile; fileRef = 166C730B1D4B4FBF00D66FEA /* NSString+LKXVerification.m */; };
		166C73511D4B4FBF00D66FEA /* UIColor+LKXCategory.m in Sources */ = {isa = PBXBuildFile; fileRef = 166C730F1D4B4FBF00D66FEA /* UIColor+LKXCategory.m */; };
		166C73531D4B4FBF00D66FEA /* UIImage+LKXCategory.m in Sources */ = {isa = PBXBuildFile; fileRef = 166C73131D4B4FBF00D66FEA /* UIImage+LKXCategory.m */; };
		166C73541D4B4FBF00D66FEA /* UIWebView+LKXCallPhone.m in Sources */ = {isa = PBXBuildFile; fileRef = 166C73151D4B4FBF00D66FEA /* UIWebView+LKXCallPhone.m */; };
		166C73571D4B4FBF00D66FEA /* LKXBigButton.m in Sources */ = {isa = PBXBuildFile; fileRef = 166C731D1D4B4FBF00D66FEA /* LKXBigButton.m */; };
		166C73581D4B4FBF00D66FEA /* ChineseToPinyin.m in Sources */ = {isa = PBXBuildFile; fileRef = 166C731F1D4B4FBF00D66FEA /* ChineseToPinyin.m */; settings = {COMPILER_FLAGS = "-fno-objc-arc"; }; };
		166C73591D4B4FBF00D66FEA /* LKX_Tooles.m in Sources */ = {isa = PBXBuildFile; fileRef = 166C73211D4B4FBF00D66FEA /* LKX_Tooles.m */; };
		166C735B1D4B4FBF00D66FEA /* LKXTextView.m in Sources */ = {isa = PBXBuildFile; fileRef = 166C73261D4B4FBF00D66FEA /* LKXTextView.m */; };
		166C735C1D4B4FBF00D66FEA /* UIView+Common.m in Sources */ = {isa = PBXBuildFile; fileRef = 166C732A1D4B4FBF00D66FEA /* UIView+Common.m */; };
		166C735D1D4B4FBF00D66FEA /* LKXEmailSendTool.m in Sources */ = {isa = PBXBuildFile; fileRef = 166C732D1D4B4FBF00D66FEA /* LKXEmailSendTool.m */; };
		166C735E1D4B4FBF00D66FEA /* LKXSpringCollectionViewFlowLayout.m in Sources */ = {isa = PBXBuildFile; fileRef = 166C732F1D4B4FBF00D66FEA /* LKXSpringCollectionViewFlowLayout.m */; };
		166C735F1D4B4FBF00D66FEA /* LKXTextField.m in Sources */ = {isa = PBXBuildFile; fileRef = 166C73311D4B4FBF00D66FEA /* LKXTextField.m */; };
		166C73611D4B4FBF00D66FEA /* MBHUDTool.m in Sources */ = {isa = PBXBuildFile; fileRef = 166C73361D4B4FBF00D66FEA /* MBHUDTool.m */; };
		166C73641D4B4FBF00D66FEA /* ReachabilityTool.m in Sources */ = {isa = PBXBuildFile; fileRef = 166C733D1D4B4FBF00D66FEA /* ReachabilityTool.m */; };
		166C73651D4B4FBF00D66FEA /* AFNetWorkingTool.m in Sources */ = {isa = PBXBuildFile; fileRef = 166C73411D4B4FBF00D66FEA /* AFNetWorkingTool.m */; };
		166C73661D4B4FBF00D66FEA /* LKXRequestManager.m in Sources */ = {isa = PBXBuildFile; fileRef = 166C73431D4B4FBF00D66FEA /* LKXRequestManager.m */; settings = {COMPILER_FLAGS = "-fno-objc-arc"; }; };
		16774A711EC419BD00602906 /* LKXWKWebDemoViewController.m in Sources */ = {isa = PBXBuildFile; fileRef = 16774A701EC419BD00602906 /* LKXWKWebDemoViewController.m */; };
		1684C7761E7F81ED0006B43D /* LKXWKWebViewController.m in Sources */ = {isa = PBXBuildFile; fileRef = 1684C7751E7F81ED0006B43D /* LKXWKWebViewController.m */; };
		1685CD3E22A8F75A007D3AD1 /* LKXKeychainTool.m in Sources */ = {isa = PBXBuildFile; fileRef = 1685CD3D22A8F75A007D3AD1 /* LKXKeychainTool.m */; };
		16875DF01DE43F3300F09085 /* LKXTouchIDValidateTool.m in Sources */ = {isa = PBXBuildFile; fileRef = 16875DEF1DE43F3300F09085 /* LKXTouchIDValidateTool.m */; };
		168F01161FB40B9200CBFC6F /* main.m in Sources */ = {isa = PBXBuildFile; fileRef = 168F010D1FB40B9100CBFC6F /* main.m */; };
		168F01191FB40B9200CBFC6F /* AppDelegate.m in Sources */ = {isa = PBXBuildFile; fileRef = 168F01101FB40B9200CBFC6F /* AppDelegate.m */; };
		168F011F1FB40C3C00CBFC6F /* NSObject+LKXRuntime.m in Sources */ = {isa = PBXBuildFile; fileRef = 168F011E1FB40C3C00CBFC6F /* NSObject+LKXRuntime.m */; };
		169589D925330289009E4311 /* UIView+LKXBase.m in Sources */ = {isa = PBXBuildFile; fileRef = 169589D825330289009E4311 /* UIView+LKXBase.m */; };
		169852911EE79CAF00F04D62 /* LKXWebProgressView.m in Sources */ = {isa = PBXBuildFile; fileRef = 169852901EE79CAF00F04D62 /* LKXWebProgressView.m */; };
		16994AF61F93182E00DC878F /* LKXImagePickerTool.m in Sources */ = {isa = PBXBuildFile; fileRef = 16994AF41F93182D00DC878F /* LKXImagePickerTool.m */; };
		16A7D49D1D4AFF9B00160D34 /* LKXConstString.m in Sources */ = {isa = PBXBuildFile; fileRef = 16A7D49C1D4AFF9B00160D34 /* LKXConstString.m */; };
		16AAA0E422E7096E0007E5BD /* Main.storyboard in Resources */ = {isa = PBXBuildFile; fileRef = 16AAA0E222E7096E0007E5BD /* Main.storyboard */; };
		16AAA0E722E7097D0007E5BD /* LaunchScreen.storyboard in Resources */ = {isa = PBXBuildFile; fileRef = 16AAA0E522E7097D0007E5BD /* LaunchScreen.storyboard */; };
		16BE78A91FB53D640084CBA8 /* UIImage+LKXHack.m in Sources */ = {isa = PBXBuildFile; fileRef = 16BE78A81FB53D640084CBA8 /* UIImage+LKXHack.m */; };
		16CA80541DB728DE00FF5F1A /* LKXError.m in Sources */ = {isa = PBXBuildFile; fileRef = 16CA80531DB728DE00FF5F1A /* LKXError.m */; };
		16CA807E1DB755DB00FF5F1A /* LKXcardPassesViewController.m in Sources */ = {isa = PBXBuildFile; fileRef = 16CA807D1DB755DB00FF5F1A /* LKXcardPassesViewController.m */; };
		16CEDDBE1D4AFBBE006C09CC /* LKXBaseViewController.m in Sources */ = {isa = PBXBuildFile; fileRef = 16CEDDAB1D4AFBBE006C09CC /* LKXBaseViewController.m */; };
		16CEDDBF1D4AFBBE006C09CC /* LKXCollectionViewController.m in Sources */ = {isa = PBXBuildFile; fileRef = 16CEDDAD1D4AFBBE006C09CC /* LKXCollectionViewController.m */; };
		16CEDDC01D4AFBBE006C09CC /* LKXNavigationController.m in Sources */ = {isa = PBXBuildFile; fileRef = 16CEDDAF1D4AFBBE006C09CC /* LKXNavigationController.m */; };
		16CEDDC11D4AFBBE006C09CC /* LKXScrollViewController.m in Sources */ = {isa = PBXBuildFile; fileRef = 16CEDDB11D4AFBBE006C09CC /* LKXScrollViewController.m */; };
		16CEDDC21D4AFBBE006C09CC /* LKXTabBarController.m in Sources */ = {isa = PBXBuildFile; fileRef = 16CEDDB31D4AFBBE006C09CC /* LKXTabBarController.m */; };
		16CEDDC31D4AFBBE006C09CC /* LKXTableViewController.m in Sources */ = {isa = PBXBuildFile; fileRef = 16CEDDB51D4AFBBE006C09CC /* LKXTableViewController.m */; };
		16CEDDC41D4AFBBE006C09CC /* LKXWebViewController.m in Sources */ = {isa = PBXBuildFile; fileRef = 16CEDDB71D4AFBBE006C09CC /* LKXWebViewController.m */; };
		16CEDDD31D4AFC1C006C09CC /* LKXCollectionViewCell.m in Sources */ = {isa = PBXBuildFile; fileRef = 16CEDDC61D4AFC1C006C09CC /* LKXCollectionViewCell.m */; };
		16CEDDD41D4AFC1C006C09CC /* LKXReloadView.m in Sources */ = {isa = PBXBuildFile; fileRef = 16CEDDC81D4AFC1C006C09CC /* LKXReloadView.m */; };
		16CEDDD51D4AFC1C006C09CC /* LKXSameLengthCollectionViewFlowLayout.m in Sources */ = {isa = PBXBuildFile; fileRef = 16CEDDCA1D4AFC1C006C09CC /* LKXSameLengthCollectionViewFlowLayout.m */; };
		16CEDDD61D4AFC1C006C09CC /* LKXTabBar.m in Sources */ = {isa = PBXBuildFile; fileRef = 16CEDDCC1D4AFC1C006C09CC /* LKXTabBar.m */; };
		16CEDDD71D4AFC1C006C09CC /* LKXTabBarButton.m in Sources */ = {isa = PBXBuildFile; fileRef = 16CEDDCE1D4AFC1C006C09CC /* LKXTabBarButton.m */; };
		16CEDDD81D4AFC1C006C09CC /* LKXTableViewCell.m in Sources */ = {isa = PBXBuildFile; fileRef = 16CEDDD01D4AFC1C006C09CC /* LKXTableViewCell.m */; };
		16CEDDD91D4AFC1C006C09CC /* UIBarButtonItem+LKXCategory.m in Sources */ = {isa = PBXBuildFile; fileRef = 16CEDDD21D4AFC1C006C09CC /* UIBarButtonItem+LKXCategory.m */; };
		16D51F0722A7610100F27E8C /* SecureArchiverDelegate.m in Sources */ = {isa = PBXBuildFile; fileRef = 16D51F0322A7610100F27E8C /* SecureArchiverDelegate.m */; };
		16D51F0822A7610100F27E8C /* SimpleKeychainWrapper.m in Sources */ = {isa = PBXBuildFile; fileRef = 16D51F0622A7610100F27E8C /* SimpleKeychainWrapper.m */; };
		16E3484F1F56C3CC005E30B8 /* LKXEstimatedRowHeightViewController.m in Sources */ = {isa = PBXBuildFile; fileRef = 16E3484E1F56C3CC005E30B8 /* LKXEstimatedRowHeightViewController.m */; };
		16E348521F56C60E005E30B8 /* LKXEstimatedRowHeightCell.m in Sources */ = {isa = PBXBuildFile; fileRef = 16E348511F56C60E005E30B8 /* LKXEstimatedRowHeightCell.m */; };
		16E45CF42054D30200ABEAB5 /* File.rtf in Resources */ = {isa = PBXBuildFile; fileRef = 16E45CF32054D30200ABEAB5 /* File.rtf */; };
		16E878DD1E94958900893C25 /* LKXDevicePowerTool.m in Sources */ = {isa = PBXBuildFile; fileRef = 16E878DC1E94958900893C25 /* LKXDevicePowerTool.m */; };
		16F46D5222E8260600AAD128 /* HTML.bundle in Resources */ = {isa = PBXBuildFile; fileRef = 16F46D5122E8260600AAD128 /* HTML.bundle */; };
		16FA226C1E94ED740000D710 /* LKXCalendarTool.m in Sources */ = {isa = PBXBuildFile; fileRef = 16FA226B1E94ED740000D710 /* LKXCalendarTool.m */; };
		274BFF32535E4BCABF1B448E /* libPods-LKXFrameworkForiOS.a in Frameworks */ = {isa = PBXBuildFile; fileRef = 704EFD100AC04FA8DC811263 /* libPods-LKXFrameworkForiOS.a */; };
		9055A69047B8C7782221A3A3 /* libPods-LKXFrameworkForiOSTests.a in Frameworks */ = {isa = PBXBuildFile; fileRef = 9A936699A15739909BB0395F /* libPods-LKXFrameworkForiOSTests.a */; };
		C2DA2A01CE4CC8DD8D5D75B4 /* libPods-LKXFrameworkForiOSUITests.a in Frameworks */ = {isa = PBXBuildFile; fileRef = 895235A3A4F558E95137A7D1 /* libPods-LKXFrameworkForiOSUITests.a */; };
/* End PBXBuildFile section */

/* Begin PBXContainerItemProxy section */
		163DF2241CC6000600A2DA26 /* PBXContainerItemProxy */ = {
			isa = PBXContainerItemProxy;
			containerPortal = 163DF2021CC6000600A2DA26 /* Project object */;
			proxyType = 1;
			remoteGlobalIDString = 163DF2091CC6000600A2DA26;
			remoteInfo = LKXFrameworkForiOS;
		};
		163DF22F1CC6000600A2DA26 /* PBXContainerItemProxy */ = {
			isa = PBXContainerItemProxy;
			containerPortal = 163DF2021CC6000600A2DA26 /* Project object */;
			proxyType = 1;
			remoteGlobalIDString = 163DF2091CC6000600A2DA26;
			remoteInfo = LKXFrameworkForiOS;
		};
/* End PBXContainerItemProxy section */

/* Begin PBXCopyFilesBuildPhase section */
		16875DAC1DE3E9B400F09085 /* Embed App Extensions */ = {
			isa = PBXCopyFilesBuildPhase;
			buildActionMask = 2147483647;
			dstPath = "";
			dstSubfolderSpec = 13;
			files = (
			);
			name = "Embed App Extensions";
			runOnlyForDeploymentPostprocessing = 0;
		};
/* End PBXCopyFilesBuildPhase section */

/* Begin PBXFileReference section */
		160AAABA22EEC9FB00F69973 /* LKXTabBarItemModel.m */ = {isa = PBXFileReference; lastKnownFileType = sourcecode.c.objc; path = LKXTabBarItemModel.m; sourceTree = "<group>"; };
		1626DC351DE82DC9005C70C2 /* LKXApplicationInfo.h */ = {isa = PBXFileReference; fileEncoding = 4; lastKnownFileType = sourcecode.c.h; path = LKXApplicationInfo.h; sourceTree = "<group>"; };
		1626DC361DE82DC9005C70C2 /* LKXApplicationInfo.m */ = {isa = PBXFileReference; fileEncoding = 4; lastKnownFileType = sourcecode.c.objc; path = LKXApplicationInfo.m; sourceTree = "<group>"; };
		1632B69022EECDFE00F3F8D3 /* LKXTabBarItemModel.h */ = {isa = PBXFileReference; lastKnownFileType = sourcecode.c.h; path = LKXTabBarItemModel.h; sourceTree = "<group>"; };
		16347EFF1DB8D22A00D997C7 /* UIControl+LKXRuntime.h */ = {isa = PBXFileReference; fileEncoding = 4; lastKnownFileType = sourcecode.c.h; path = "UIControl+LKXRuntime.h"; sourceTree = "<group>"; };
		16347F001DB8D22A00D997C7 /* UIControl+LKXRuntime.m */ = {isa = PBXFileReference; fileEncoding = 4; lastKnownFileType = sourcecode.c.objc; path = "UIControl+LKXRuntime.m"; sourceTree = "<group>"; };
		16366EAF234E119D00E1BFD2 /* NSTimer+LKXWeakTime.h */ = {isa = PBXFileReference; fileEncoding = 4; lastKnownFileType = sourcecode.c.h; path = "NSTimer+LKXWeakTime.h"; sourceTree = "<group>"; };
		16366EB0234E119E00E1BFD2 /* NSTimer+LKXWeakTime.m */ = {isa = PBXFileReference; fileEncoding = 4; lastKnownFileType = sourcecode.c.objc; path = "NSTimer+LKXWeakTime.m"; sourceTree = "<group>"; };
		1638649622A617AE00EC9C42 /* LKXUserExports.h */ = {isa = PBXFileReference; lastKnownFileType = sourcecode.c.h; path = LKXUserExports.h; sourceTree = "<group>"; };
		163B6E4B2387D492009C7D5B /* LKXUser.h */ = {isa = PBXFileReference; fileEncoding = 4; lastKnownFileType = sourcecode.c.h; path = LKXUser.h; sourceTree = "<group>"; };
		163B6E4C2387D492009C7D5B /* LKXUser.m */ = {isa = PBXFileReference; fileEncoding = 4; lastKnownFileType = sourcecode.c.objc; path = LKXUser.m; sourceTree = "<group>"; };
		163DF20A1CC6000600A2DA26 /* LKXFrameworkForiOS.app */ = {isa = PBXFileReference; explicitFileType = wrapper.application; includeInIndex = 0; path = LKXFrameworkForiOS.app; sourceTree = BUILT_PRODUCTS_DIR; };
		163DF2231CC6000600A2DA26 /* LKXFrameworkForiOSTests.xctest */ = {isa = PBXFileReference; explicitFileType = wrapper.cfbundle; includeInIndex = 0; path = LKXFrameworkForiOSTests.xctest; sourceTree = BUILT_PRODUCTS_DIR; };
		163DF2271CC6000600A2DA26 /* LKXFrameworkForiOSTests.m */ = {isa = PBXFileReference; lastKnownFileType = sourcecode.c.objc; path = LKXFrameworkForiOSTests.m; sourceTree = "<group>"; };
		163DF2291CC6000600A2DA26 /* Info.plist */ = {isa = PBXFileReference; lastKnownFileType = text.plist.xml; path = Info.plist; sourceTree = "<group>"; };
		163DF22E1CC6000600A2DA26 /* LKXFrameworkForiOSUITests.xctest */ = {isa = PBXFileReference; explicitFileType = wrapper.cfbundle; includeInIndex = 0; path = LKXFrameworkForiOSUITests.xctest; sourceTree = BUILT_PRODUCTS_DIR; };
		163DF2321CC6000600A2DA26 /* LKXFrameworkForiOSUITests.m */ = {isa = PBXFileReference; lastKnownFileType = sourcecode.c.objc; path = LKXFrameworkForiOSUITests.m; sourceTree = "<group>"; };
		163DF2341CC6000600A2DA26 /* Info.plist */ = {isa = PBXFileReference; lastKnownFileType = text.plist.xml; path = Info.plist; sourceTree = "<group>"; };
		164C710A22A665160014ACBF /* sm.jpg */ = {isa = PBXFileReference; lastKnownFileType = image.jpeg; path = sm.jpg; sourceTree = "<group>"; };
		164EAD7D1FBBDFD800BAFED4 /* LKXStretchingHeaderViewController.h */ = {isa = PBXFileReference; lastKnownFileType = sourcecode.c.h; path = LKXStretchingHeaderViewController.h; sourceTree = "<group>"; };
		164EAD7E1FBBDFD800BAFED4 /* LKXStretchingHeaderViewController.m */ = {isa = PBXFileReference; lastKnownFileType = sourcecode.c.objc; path = LKXStretchingHeaderViewController.m; sourceTree = "<group>"; };
		164EAD801FBBEFE800BAFED4 /* UINavigationController+LKXCategory.h */ = {isa = PBXFileReference; lastKnownFileType = sourcecode.c.h; path = "UINavigationController+LKXCategory.h"; sourceTree = "<group>"; };
		164EAD811FBBEFE800BAFED4 /* UINavigationController+LKXCategory.m */ = {isa = PBXFileReference; lastKnownFileType = sourcecode.c.objc; path = "UINavigationController+LKXCategory.m"; sourceTree = "<group>"; };
		164EAD831FBC4AA900BAFED4 /* LKXUserTests.m */ = {isa = PBXFileReference; lastKnownFileType = sourcecode.c.objc; path = LKXUserTests.m; sourceTree = "<group>"; };
		1650572825273350002BEE37 /* LKXFrameworkForiOS.podspec */ = {isa = PBXFileReference; fileEncoding = 4; lastKnownFileType = text; path = LKXFrameworkForiOS.podspec; sourceTree = "<group>"; };
		166489B71D4B076B0037F789 /* LKXBarButton.h */ = {isa = PBXFileReference; fileEncoding = 4; lastKnownFileType = sourcecode.c.h; path = LKXBarButton.h; sourceTree = "<group>"; };
		166489B81D4B076B0037F789 /* LKXBarButton.m */ = {isa = PBXFileReference; fileEncoding = 4; lastKnownFileType = sourcecode.c.objc; path = LKXBarButton.m; sourceTree = "<group>"; };
		1665ED741F287214000CCD4F /* LKXAlertTool.h */ = {isa = PBXFileReference; fileEncoding = 4; lastKnownFileType = sourcecode.c.h; path = LKXAlertTool.h; sourceTree = "<group>"; };
		1665ED751F287214000CCD4F /* LKXAlertTool.m */ = {isa = PBXFileReference; fileEncoding = 4; lastKnownFileType = sourcecode.c.objc; path = LKXAlertTool.m; sourceTree = "<group>"; };
		166C72F11D4B4FBF00D66FEA /* LKXLayoutContraint.h */ = {isa = PBXFileReference; fileEncoding = 4; lastKnownFileType = sourcecode.c.h; path = LKXLayoutContraint.h; sourceTree = "<group>"; };
		166C72F21D4B4FBF00D66FEA /* NSLayoutConstraint+Addition.h */ = {isa = PBXFileReference; fileEncoding = 4; lastKnownFileType = sourcecode.c.h; path = "NSLayoutConstraint+Addition.h"; sourceTree = "<group>"; };
		166C72F31D4B4FBF00D66FEA /* NSLayoutConstraint+Addition.m */ = {isa = PBXFileReference; fileEncoding = 4; lastKnownFileType = sourcecode.c.objc; path = "NSLayoutConstraint+Addition.m"; sourceTree = "<group>"; };
		166C72F41D4B4FBF00D66FEA /* NSLayoutConstraint+Horizontal.h */ = {isa = PBXFileReference; fileEncoding = 4; lastKnownFileType = sourcecode.c.h; path = "NSLayoutConstraint+Horizontal.h"; sourceTree = "<group>"; };
		166C72F51D4B4FBF00D66FEA /* NSLayoutConstraint+Horizontal.m */ = {isa = PBXFileReference; fileEncoding = 4; lastKnownFileType = sourcecode.c.objc; path = "NSLayoutConstraint+Horizontal.m"; sourceTree = "<group>"; };
		166C72F61D4B4FBF00D66FEA /* NSLayoutConstraint+Vertical.h */ = {isa = PBXFileReference; fileEncoding = 4; lastKnownFileType = sourcecode.c.h; path = "NSLayoutConstraint+Vertical.h"; sourceTree = "<group>"; };
		166C72F71D4B4FBF00D66FEA /* NSLayoutConstraint+Vertical.m */ = {isa = PBXFileReference; fileEncoding = 4; lastKnownFileType = sourcecode.c.objc; path = "NSLayoutConstraint+Vertical.m"; sourceTree = "<group>"; };
		166C72FA1D4B4FBF00D66FEA /* CAShapeLayer+LKXCategory.h */ = {isa = PBXFileReference; fileEncoding = 4; lastKnownFileType = sourcecode.c.h; path = "CAShapeLayer+LKXCategory.h"; sourceTree = "<group>"; };
		166C72FB1D4B4FBF00D66FEA /* CAShapeLayer+LKXCategory.m */ = {isa = PBXFileReference; fileEncoding = 4; lastKnownFileType = sourcecode.c.objc; path = "CAShapeLayer+LKXCategory.m"; sourceTree = "<group>"; };
		166C72FC1D4B4FBF00D66FEA /* NSArray+LKXCategory.h */ = {isa = PBXFileReference; fileEncoding = 4; lastKnownFileType = sourcecode.c.h; path = "NSArray+LKXCategory.h"; sourceTree = "<group>"; };
		166C72FD1D4B4FBF00D66FEA /* NSArray+LKXCategory.m */ = {isa = PBXFileReference; fileEncoding = 4; lastKnownFileType = sourcecode.c.objc; path = "NSArray+LKXCategory.m"; sourceTree = "<group>"; };
		166C72FE1D4B4FBF00D66FEA /* NSData+LKXCategory.h */ = {isa = PBXFileReference; fileEncoding = 4; lastKnownFileType = sourcecode.c.h; path = "NSData+LKXCategory.h"; sourceTree = "<group>"; };
		166C72FF1D4B4FBF00D66FEA /* NSData+LKXCategory.m */ = {isa = PBXFileReference; fileEncoding = 4; lastKnownFileType = sourcecode.c.objc; path = "NSData+LKXCategory.m"; sourceTree = "<group>"; };
		166C73001D4B4FBF00D66FEA /* NSDate+LKXCategory.h */ = {isa = PBXFileReference; fileEncoding = 4; lastKnownFileType = sourcecode.c.h; path = "NSDate+LKXCategory.h"; sourceTree = "<group>"; };
		166C73011D4B4FBF00D66FEA /* NSDate+LKXCategory.m */ = {isa = PBXFileReference; fileEncoding = 4; lastKnownFileType = sourcecode.c.objc; path = "NSDate+LKXCategory.m"; sourceTree = "<group>"; };
		166C73021D4B4FBF00D66FEA /* NSDate+LKXFormatter.h */ = {isa = PBXFileReference; fileEncoding = 4; lastKnownFileType = sourcecode.c.h; path = "NSDate+LKXFormatter.h"; sourceTree = "<group>"; };
		166C73031D4B4FBF00D66FEA /* NSDate+LKXFormatter.m */ = {isa = PBXFileReference; fileEncoding = 4; lastKnownFileType = sourcecode.c.objc; path = "NSDate+LKXFormatter.m"; sourceTree = "<group>"; };
		166C73041D4B4FBF00D66FEA /* NSMutableAttributedString+LKXCategory.h */ = {isa = PBXFileReference; fileEncoding = 4; lastKnownFileType = sourcecode.c.h; path = "NSMutableAttributedString+LKXCategory.h"; sourceTree = "<group>"; };
		166C73051D4B4FBF00D66FEA /* NSMutableAttributedString+LKXCategory.m */ = {isa = PBXFileReference; fileEncoding = 4; lastKnownFileType = sourcecode.c.objc; path = "NSMutableAttributedString+LKXCategory.m"; sourceTree = "<group>"; };
		166C73061D4B4FBF00D66FEA /* NSString+LKXCategory.h */ = {isa = PBXFileReference; fileEncoding = 4; lastKnownFileType = sourcecode.c.h; path = "NSString+LKXCategory.h"; sourceTree = "<group>"; };
		166C73071D4B4FBF00D66FEA /* NSString+LKXCategory.m */ = {isa = PBXFileReference; fileEncoding = 4; lastKnownFileType = sourcecode.c.objc; path = "NSString+LKXCategory.m"; sourceTree = "<group>"; };
		166C73081D4B4FBF00D66FEA /* NSString+LKXEncryption.h */ = {isa = PBXFileReference; fileEncoding = 4; lastKnownFileType = sourcecode.c.h; path = "NSString+LKXEncryption.h"; sourceTree = "<group>"; };
		166C73091D4B4FBF00D66FEA /* NSString+LKXEncryption.m */ = {isa = PBXFileReference; fileEncoding = 4; lastKnownFileType = sourcecode.c.objc; path = "NSString+LKXEncryption.m"; sourceTree = "<group>"; };
		166C730A1D4B4FBF00D66FEA /* NSString+LKXVerification.h */ = {isa = PBXFileReference; fileEncoding = 4; lastKnownFileType = sourcecode.c.h; path = "NSString+LKXVerification.h"; sourceTree = "<group>"; };
		166C730B1D4B4FBF00D66FEA /* NSString+LKXVerification.m */ = {isa = PBXFileReference; fileEncoding = 4; lastKnownFileType = sourcecode.c.objc; path = "NSString+LKXVerification.m"; sourceTree = "<group>"; };
		166C730E1D4B4FBF00D66FEA /* UIColor+LKXCategory.h */ = {isa = PBXFileReference; fileEncoding = 4; lastKnownFileType = sourcecode.c.h; path = "UIColor+LKXCategory.h"; sourceTree = "<group>"; };
		166C730F1D4B4FBF00D66FEA /* UIColor+LKXCategory.m */ = {isa = PBXFileReference; fileEncoding = 4; lastKnownFileType = sourcecode.c.objc; path = "UIColor+LKXCategory.m"; sourceTree = "<group>"; };
		166C73121D4B4FBF00D66FEA /* UIImage+LKXCategory.h */ = {isa = PBXFileReference; fileEncoding = 4; lastKnownFileType = sourcecode.c.h; path = "UIImage+LKXCategory.h"; sourceTree = "<group>"; };
		166C73131D4B4FBF00D66FEA /* UIImage+LKXCategory.m */ = {isa = PBXFileReference; fileEncoding = 4; lastKnownFileType = sourcecode.c.objc; path = "UIImage+LKXCategory.m"; sourceTree = "<group>"; };
		166C73141D4B4FBF00D66FEA /* UIWebView+LKXCallPhone.h */ = {isa = PBXFileReference; fileEncoding = 4; lastKnownFileType = sourcecode.c.h; path = "UIWebView+LKXCallPhone.h"; sourceTree = "<group>"; };
		166C73151D4B4FBF00D66FEA /* UIWebView+LKXCallPhone.m */ = {isa = PBXFileReference; fileEncoding = 4; lastKnownFileType = sourcecode.c.objc; path = "UIWebView+LKXCallPhone.m"; sourceTree = "<group>"; };
		166C731C1D4B4FBF00D66FEA /* LKXBigButton.h */ = {isa = PBXFileReference; fileEncoding = 4; lastKnownFileType = sourcecode.c.h; path = LKXBigButton.h; sourceTree = "<group>"; };
		166C731D1D4B4FBF00D66FEA /* LKXBigButton.m */ = {isa = PBXFileReference; fileEncoding = 4; lastKnownFileType = sourcecode.c.objc; path = LKXBigButton.m; sourceTree = "<group>"; };
		166C731E1D4B4FBF00D66FEA /* ChineseToPinyin.h */ = {isa = PBXFileReference; fileEncoding = 4; lastKnownFileType = sourcecode.c.h; path = ChineseToPinyin.h; sourceTree = "<group>"; };
		166C731F1D4B4FBF00D66FEA /* ChineseToPinyin.m */ = {isa = PBXFileReference; fileEncoding = 4; lastKnownFileType = sourcecode.c.objc; path = ChineseToPinyin.m; sourceTree = "<group>"; };
		166C73201D4B4FBF00D66FEA /* LKX_Tooles.h */ = {isa = PBXFileReference; fileEncoding = 4; lastKnownFileType = sourcecode.c.h; path = LKX_Tooles.h; sourceTree = "<group>"; };
		166C73211D4B4FBF00D66FEA /* LKX_Tooles.m */ = {isa = PBXFileReference; fileEncoding = 4; lastKnownFileType = sourcecode.c.objc; path = LKX_Tooles.m; sourceTree = "<group>"; };
		166C73241D4B4FBF00D66FEA /* LKXAPPDefine.h */ = {isa = PBXFileReference; fileEncoding = 4; lastKnownFileType = sourcecode.c.h; path = LKXAPPDefine.h; sourceTree = "<group>"; };
		166C73251D4B4FBF00D66FEA /* LKXTextView.h */ = {isa = PBXFileReference; fileEncoding = 4; lastKnownFileType = sourcecode.c.h; path = LKXTextView.h; sourceTree = "<group>"; };
		166C73261D4B4FBF00D66FEA /* LKXTextView.m */ = {isa = PBXFileReference; fileEncoding = 4; lastKnownFileType = sourcecode.c.objc; path = LKXTextView.m; sourceTree = "<group>"; };
		166C73271D4B4FBF00D66FEA /* Macros_UICommon.h */ = {isa = PBXFileReference; fileEncoding = 4; lastKnownFileType = sourcecode.c.h; path = Macros_UICommon.h; sourceTree = "<group>"; };
		166C73281D4B4FBF00D66FEA /* SingletonMacro.h */ = {isa = PBXFileReference; fileEncoding = 4; lastKnownFileType = sourcecode.c.h; path = SingletonMacro.h; sourceTree = "<group>"; };
		166C73291D4B4FBF00D66FEA /* UIView+Common.h */ = {isa = PBXFileReference; fileEncoding = 4; lastKnownFileType = sourcecode.c.h; path = "UIView+Common.h"; sourceTree = "<group>"; };
		166C732A1D4B4FBF00D66FEA /* UIView+Common.m */ = {isa = PBXFileReference; fileEncoding = 4; lastKnownFileType = sourcecode.c.objc; path = "UIView+Common.m"; sourceTree = "<group>"; };
		166C732C1D4B4FBF00D66FEA /* LKXEmailSendTool.h */ = {isa = PBXFileReference; fileEncoding = 4; lastKnownFileType = sourcecode.c.h; path = LKXEmailSendTool.h; sourceTree = "<group>"; };
		166C732D1D4B4FBF00D66FEA /* LKXEmailSendTool.m */ = {isa = PBXFileReference; fileEncoding = 4; lastKnownFileType = sourcecode.c.objc; path = LKXEmailSendTool.m; sourceTree = "<group>"; };
		166C732E1D4B4FBF00D66FEA /* LKXSpringCollectionViewFlowLayout.h */ = {isa = PBXFileReference; fileEncoding = 4; lastKnownFileType = sourcecode.c.h; path = LKXSpringCollectionViewFlowLayout.h; sourceTree = "<group>"; };
		166C732F1D4B4FBF00D66FEA /* LKXSpringCollectionViewFlowLayout.m */ = {isa = PBXFileReference; fileEncoding = 4; lastKnownFileType = sourcecode.c.objc; path = LKXSpringCollectionViewFlowLayout.m; sourceTree = "<group>"; };
		166C73301D4B4FBF00D66FEA /* LKXTextField.h */ = {isa = PBXFileReference; fileEncoding = 4; lastKnownFileType = sourcecode.c.h; path = LKXTextField.h; sourceTree = "<group>"; };
		166C73311D4B4FBF00D66FEA /* LKXTextField.m */ = {isa = PBXFileReference; fileEncoding = 4; lastKnownFileType = sourcecode.c.objc; path = LKXTextField.m; sourceTree = "<group>"; };
		166C73351D4B4FBF00D66FEA /* MBHUDTool.h */ = {isa = PBXFileReference; fileEncoding = 4; lastKnownFileType = sourcecode.c.h; path = MBHUDTool.h; sourceTree = "<group>"; };
		166C73361D4B4FBF00D66FEA /* MBHUDTool.m */ = {isa = PBXFileReference; fileEncoding = 4; lastKnownFileType = sourcecode.c.objc; path = MBHUDTool.m; sourceTree = "<group>"; };
		166C733C1D4B4FBF00D66FEA /* ReachabilityTool.h */ = {isa = PBXFileReference; fileEncoding = 4; lastKnownFileType = sourcecode.c.h; path = ReachabilityTool.h; sourceTree = "<group>"; };
		166C733D1D4B4FBF00D66FEA /* ReachabilityTool.m */ = {isa = PBXFileReference; fileEncoding = 4; lastKnownFileType = sourcecode.c.objc; path = ReachabilityTool.m; sourceTree = "<group>"; };
		166C733E1D4B4FBF00D66FEA /* Reachability_using.h */ = {isa = PBXFileReference; fileEncoding = 4; lastKnownFileType = sourcecode.c.h; path = Reachability_using.h; sourceTree = "<group>"; };
		166C73401D4B4FBF00D66FEA /* AFNetWorkingTool.h */ = {isa = PBXFileReference; fileEncoding = 4; lastKnownFileType = sourcecode.c.h; path = AFNetWorkingTool.h; sourceTree = "<group>"; };
		166C73411D4B4FBF00D66FEA /* AFNetWorkingTool.m */ = {isa = PBXFileReference; fileEncoding = 4; lastKnownFileType = sourcecode.c.objc; path = AFNetWorkingTool.m; sourceTree = "<group>"; };
		166C73421D4B4FBF00D66FEA /* LKXRequestManager.h */ = {isa = PBXFileReference; fileEncoding = 4; lastKnownFileType = sourcecode.c.h; path = LKXRequestManager.h; sourceTree = "<group>"; };
		166C73431D4B4FBF00D66FEA /* LKXRequestManager.m */ = {isa = PBXFileReference; fileEncoding = 4; lastKnownFileType = sourcecode.c.objc; path = LKXRequestManager.m; sourceTree = "<group>"; };
		16774A6F1EC419BD00602906 /* LKXWKWebDemoViewController.h */ = {isa = PBXFileReference; fileEncoding = 4; lastKnownFileType = sourcecode.c.h; path = LKXWKWebDemoViewController.h; sourceTree = "<group>"; };
		16774A701EC419BD00602906 /* LKXWKWebDemoViewController.m */ = {isa = PBXFileReference; fileEncoding = 4; lastKnownFileType = sourcecode.c.objc; path = LKXWKWebDemoViewController.m; sourceTree = "<group>"; };
		1684C7741E7F81ED0006B43D /* LKXWKWebViewController.h */ = {isa = PBXFileReference; fileEncoding = 4; lastKnownFileType = sourcecode.c.h; path = LKXWKWebViewController.h; sourceTree = "<group>"; };
		1684C7751E7F81ED0006B43D /* LKXWKWebViewController.m */ = {isa = PBXFileReference; fileEncoding = 4; lastKnownFileType = sourcecode.c.objc; path = LKXWKWebViewController.m; sourceTree = "<group>"; };
		1685CD3C22A8F75A007D3AD1 /* LKXKeychainTool.h */ = {isa = PBXFileReference; fileEncoding = 4; lastKnownFileType = sourcecode.c.h; path = LKXKeychainTool.h; sourceTree = "<group>"; };
		1685CD3D22A8F75A007D3AD1 /* LKXKeychainTool.m */ = {isa = PBXFileReference; fileEncoding = 4; lastKnownFileType = sourcecode.c.objc; path = LKXKeychainTool.m; sourceTree = "<group>"; };
		16875D9C1DE3E9B400F09085 /* NotificationCenter.framework */ = {isa = PBXFileReference; lastKnownFileType = wrapper.framework; name = NotificationCenter.framework; path = System/Library/Frameworks/NotificationCenter.framework; sourceTree = SDKROOT; };
		16875DEE1DE43F3300F09085 /* LKXTouchIDValidateTool.h */ = {isa = PBXFileReference; fileEncoding = 4; lastKnownFileType = sourcecode.c.h; path = LKXTouchIDValidateTool.h; sourceTree = "<group>"; };
		16875DEF1DE43F3300F09085 /* LKXTouchIDValidateTool.m */ = {isa = PBXFileReference; fileEncoding = 4; lastKnownFileType = sourcecode.c.objc; path = LKXTouchIDValidateTool.m; sourceTree = "<group>"; };
		168F010D1FB40B9100CBFC6F /* main.m */ = {isa = PBXFileReference; fileEncoding = 4; lastKnownFileType = sourcecode.c.objc; path = main.m; sourceTree = "<group>"; };
		168F010F1FB40B9200CBFC6F /* Assets.xcassets */ = {isa = PBXFileReference; lastKnownFileType = folder.assetcatalog; path = Assets.xcassets; sourceTree = "<group>"; };
		168F01101FB40B9200CBFC6F /* AppDelegate.m */ = {isa = PBXFileReference; fileEncoding = 4; lastKnownFileType = sourcecode.c.objc; path = AppDelegate.m; sourceTree = "<group>"; };
		168F01111FB40B9200CBFC6F /* Info.plist */ = {isa = PBXFileReference; fileEncoding = 4; lastKnownFileType = text.plist.xml; path = Info.plist; sourceTree = "<group>"; };
		168F01121FB40B9200CBFC6F /* AppDelegate.h */ = {isa = PBXFileReference; fileEncoding = 4; lastKnownFileType = sourcecode.c.h; path = AppDelegate.h; sourceTree = "<group>"; };
		168F011D1FB40C3C00CBFC6F /* NSObject+LKXRuntime.h */ = {isa = PBXFileReference; lastKnownFileType = sourcecode.c.h; path = "NSObject+LKXRuntime.h"; sourceTree = "<group>"; };
		168F011E1FB40C3C00CBFC6F /* NSObject+LKXRuntime.m */ = {isa = PBXFileReference; lastKnownFileType = sourcecode.c.objc; path = "NSObject+LKXRuntime.m"; sourceTree = "<group>"; };
		169589D725330289009E4311 /* UIView+LKXBase.h */ = {isa = PBXFileReference; lastKnownFileType = sourcecode.c.h; path = "UIView+LKXBase.h"; sourceTree = "<group>"; };
		169589D825330289009E4311 /* UIView+LKXBase.m */ = {isa = PBXFileReference; lastKnownFileType = sourcecode.c.objc; path = "UIView+LKXBase.m"; sourceTree = "<group>"; };
		1698528F1EE79CAF00F04D62 /* LKXWebProgressView.h */ = {isa = PBXFileReference; fileEncoding = 4; lastKnownFileType = sourcecode.c.h; path = LKXWebProgressView.h; sourceTree = "<group>"; };
		169852901EE79CAF00F04D62 /* LKXWebProgressView.m */ = {isa = PBXFileReference; fileEncoding = 4; lastKnownFileType = sourcecode.c.objc; path = LKXWebProgressView.m; sourceTree = "<group>"; };
		16994AF41F93182D00DC878F /* LKXImagePickerTool.m */ = {isa = PBXFileReference; lastKnownFileType = sourcecode.c.objc; path = LKXImagePickerTool.m; sourceTree = "<group>"; };
		16994AF51F93182E00DC878F /* LKXImagePickerTool.h */ = {isa = PBXFileReference; lastKnownFileType = sourcecode.c.h; path = LKXImagePickerTool.h; sourceTree = "<group>"; };
		16A7D49B1D4AFF9B00160D34 /* LKXConstString.h */ = {isa = PBXFileReference; fileEncoding = 4; lastKnownFileType = sourcecode.c.h; path = LKXConstString.h; sourceTree = "<group>"; };
		16A7D49C1D4AFF9B00160D34 /* LKXConstString.m */ = {isa = PBXFileReference; fileEncoding = 4; lastKnownFileType = sourcecode.c.objc; path = LKXConstString.m; sourceTree = "<group>"; };
		16AAA0E322E7096E0007E5BD /* Base */ = {isa = PBXFileReference; lastKnownFileType = file.storyboard; name = Base; path = Main.storyboard; sourceTree = "<group>"; };
		16AAA0E622E7097D0007E5BD /* Base */ = {isa = PBXFileReference; lastKnownFileType = file.storyboard; name = Base; path = LaunchScreen.storyboard; sourceTree = "<group>"; };
		16BE78A71FB53D640084CBA8 /* UIImage+LKXHack.h */ = {isa = PBXFileReference; lastKnownFileType = sourcecode.c.h; path = "UIImage+LKXHack.h"; sourceTree = "<group>"; };
		16BE78A81FB53D640084CBA8 /* UIImage+LKXHack.m */ = {isa = PBXFileReference; lastKnownFileType = sourcecode.c.objc; path = "UIImage+LKXHack.m"; sourceTree = "<group>"; };
		16CA80521DB728DE00FF5F1A /* LKXError.h */ = {isa = PBXFileReference; fileEncoding = 4; lastKnownFileType = sourcecode.c.h; path = LKXError.h; sourceTree = "<group>"; };
		16CA80531DB728DE00FF5F1A /* LKXError.m */ = {isa = PBXFileReference; fileEncoding = 4; lastKnownFileType = sourcecode.c.objc; path = LKXError.m; sourceTree = "<group>"; };
		16CA807C1DB755DB00FF5F1A /* LKXcardPassesViewController.h */ = {isa = PBXFileReference; fileEncoding = 4; lastKnownFileType = sourcecode.c.h; path = LKXcardPassesViewController.h; sourceTree = "<group>"; };
		16CA807D1DB755DB00FF5F1A /* LKXcardPassesViewController.m */ = {isa = PBXFileReference; fileEncoding = 4; lastKnownFileType = sourcecode.c.objc; path = LKXcardPassesViewController.m; sourceTree = "<group>"; };
		16CED7AE1D4AF36D006C09CC /* LKXFrameworkForiOS-Prefix.pch */ = {isa = PBXFileReference; fileEncoding = 4; lastKnownFileType = sourcecode.c.h; path = "LKXFrameworkForiOS-Prefix.pch"; sourceTree = "<group>"; };
		16CEDDAA1D4AFBBE006C09CC /* LKXBaseViewController.h */ = {isa = PBXFileReference; fileEncoding = 4; lastKnownFileType = sourcecode.c.h; path = LKXBaseViewController.h; sourceTree = "<group>"; };
		16CEDDAB1D4AFBBE006C09CC /* LKXBaseViewController.m */ = {isa = PBXFileReference; fileEncoding = 4; lastKnownFileType = sourcecode.c.objc; path = LKXBaseViewController.m; sourceTree = "<group>"; };
		16CEDDAC1D4AFBBE006C09CC /* LKXCollectionViewController.h */ = {isa = PBXFileReference; fileEncoding = 4; lastKnownFileType = sourcecode.c.h; path = LKXCollectionViewController.h; sourceTree = "<group>"; };
		16CEDDAD1D4AFBBE006C09CC /* LKXCollectionViewController.m */ = {isa = PBXFileReference; fileEncoding = 4; lastKnownFileType = sourcecode.c.objc; path = LKXCollectionViewController.m; sourceTree = "<group>"; };
		16CEDDAE1D4AFBBE006C09CC /* LKXNavigationController.h */ = {isa = PBXFileReference; fileEncoding = 4; lastKnownFileType = sourcecode.c.h; path = LKXNavigationController.h; sourceTree = "<group>"; };
		16CEDDAF1D4AFBBE006C09CC /* LKXNavigationController.m */ = {isa = PBXFileReference; fileEncoding = 4; lastKnownFileType = sourcecode.c.objc; path = LKXNavigationController.m; sourceTree = "<group>"; };
		16CEDDB01D4AFBBE006C09CC /* LKXScrollViewController.h */ = {isa = PBXFileReference; fileEncoding = 4; lastKnownFileType = sourcecode.c.h; path = LKXScrollViewController.h; sourceTree = "<group>"; };
		16CEDDB11D4AFBBE006C09CC /* LKXScrollViewController.m */ = {isa = PBXFileReference; fileEncoding = 4; lastKnownFileType = sourcecode.c.objc; path = LKXScrollViewController.m; sourceTree = "<group>"; };
		16CEDDB21D4AFBBE006C09CC /* LKXTabBarController.h */ = {isa = PBXFileReference; fileEncoding = 4; lastKnownFileType = sourcecode.c.h; path = LKXTabBarController.h; sourceTree = "<group>"; };
		16CEDDB31D4AFBBE006C09CC /* LKXTabBarController.m */ = {isa = PBXFileReference; fileEncoding = 4; lastKnownFileType = sourcecode.c.objc; path = LKXTabBarController.m; sourceTree = "<group>"; };
		16CEDDB41D4AFBBE006C09CC /* LKXTableViewController.h */ = {isa = PBXFileReference; fileEncoding = 4; lastKnownFileType = sourcecode.c.h; path = LKXTableViewController.h; sourceTree = "<group>"; };
		16CEDDB51D4AFBBE006C09CC /* LKXTableViewController.m */ = {isa = PBXFileReference; fileEncoding = 4; lastKnownFileType = sourcecode.c.objc; path = LKXTableViewController.m; sourceTree = "<group>"; };
		16CEDDB61D4AFBBE006C09CC /* LKXWebViewController.h */ = {isa = PBXFileReference; fileEncoding = 4; lastKnownFileType = sourcecode.c.h; path = LKXWebViewController.h; sourceTree = "<group>"; };
		16CEDDB71D4AFBBE006C09CC /* LKXWebViewController.m */ = {isa = PBXFileReference; fileEncoding = 4; lastKnownFileType = sourcecode.c.objc; path = LKXWebViewController.m; sourceTree = "<group>"; };
		16CEDDC51D4AFC1C006C09CC /* LKXCollectionViewCell.h */ = {isa = PBXFileReference; fileEncoding = 4; lastKnownFileType = sourcecode.c.h; path = LKXCollectionViewCell.h; sourceTree = "<group>"; };
		16CEDDC61D4AFC1C006C09CC /* LKXCollectionViewCell.m */ = {isa = PBXFileReference; fileEncoding = 4; lastKnownFileType = sourcecode.c.objc; path = LKXCollectionViewCell.m; sourceTree = "<group>"; };
		16CEDDC71D4AFC1C006C09CC /* LKXReloadView.h */ = {isa = PBXFileReference; fileEncoding = 4; lastKnownFileType = sourcecode.c.h; path = LKXReloadView.h; sourceTree = "<group>"; };
		16CEDDC81D4AFC1C006C09CC /* LKXReloadView.m */ = {isa = PBXFileReference; fileEncoding = 4; lastKnownFileType = sourcecode.c.objc; path = LKXReloadView.m; sourceTree = "<group>"; };
		16CEDDC91D4AFC1C006C09CC /* LKXSameLengthCollectionViewFlowLayout.h */ = {isa = PBXFileReference; fileEncoding = 4; lastKnownFileType = sourcecode.c.h; path = LKXSameLengthCollectionViewFlowLayout.h; sourceTree = "<group>"; };
		16CEDDCA1D4AFC1C006C09CC /* LKXSameLengthCollectionViewFlowLayout.m */ = {isa = PBXFileReference; fileEncoding = 4; lastKnownFileType = sourcecode.c.objc; path = LKXSameLengthCollectionViewFlowLayout.m; sourceTree = "<group>"; };
		16CEDDCB1D4AFC1C006C09CC /* LKXTabBar.h */ = {isa = PBXFileReference; fileEncoding = 4; lastKnownFileType = sourcecode.c.h; path = LKXTabBar.h; sourceTree = "<group>"; };
		16CEDDCC1D4AFC1C006C09CC /* LKXTabBar.m */ = {isa = PBXFileReference; fileEncoding = 4; lastKnownFileType = sourcecode.c.objc; path = LKXTabBar.m; sourceTree = "<group>"; };
		16CEDDCD1D4AFC1C006C09CC /* LKXTabBarButton.h */ = {isa = PBXFileReference; fileEncoding = 4; lastKnownFileType = sourcecode.c.h; path = LKXTabBarButton.h; sourceTree = "<group>"; };
		16CEDDCE1D4AFC1C006C09CC /* LKXTabBarButton.m */ = {isa = PBXFileReference; fileEncoding = 4; lastKnownFileType = sourcecode.c.objc; path = LKXTabBarButton.m; sourceTree = "<group>"; };
		16CEDDCF1D4AFC1C006C09CC /* LKXTableViewCell.h */ = {isa = PBXFileReference; fileEncoding = 4; lastKnownFileType = sourcecode.c.h; path = LKXTableViewCell.h; sourceTree = "<group>"; };
		16CEDDD01D4AFC1C006C09CC /* LKXTableViewCell.m */ = {isa = PBXFileReference; fileEncoding = 4; lastKnownFileType = sourcecode.c.objc; path = LKXTableViewCell.m; sourceTree = "<group>"; };
		16CEDDD11D4AFC1C006C09CC /* UIBarButtonItem+LKXCategory.h */ = {isa = PBXFileReference; fileEncoding = 4; lastKnownFileType = sourcecode.c.h; path = "UIBarButtonItem+LKXCategory.h"; sourceTree = "<group>"; };
		16CEDDD21D4AFC1C006C09CC /* UIBarButtonItem+LKXCategory.m */ = {isa = PBXFileReference; fileEncoding = 4; lastKnownFileType = sourcecode.c.objc; path = "UIBarButtonItem+LKXCategory.m"; sourceTree = "<group>"; };
		16D51F0322A7610100F27E8C /* SecureArchiverDelegate.m */ = {isa = PBXFileReference; fileEncoding = 4; lastKnownFileType = sourcecode.c.objc; path = SecureArchiverDelegate.m; sourceTree = "<group>"; };
		16D51F0422A7610100F27E8C /* SimpleKeychainWrapper.h */ = {isa = PBXFileReference; fileEncoding = 4; lastKnownFileType = sourcecode.c.h; path = SimpleKeychainWrapper.h; sourceTree = "<group>"; };
		16D51F0522A7610100F27E8C /* SecureArchiverDelegate.h */ = {isa = PBXFileReference; fileEncoding = 4; lastKnownFileType = sourcecode.c.h; path = SecureArchiverDelegate.h; sourceTree = "<group>"; };
		16D51F0622A7610100F27E8C /* SimpleKeychainWrapper.m */ = {isa = PBXFileReference; fileEncoding = 4; lastKnownFileType = sourcecode.c.objc; path = SimpleKeychainWrapper.m; sourceTree = "<group>"; };
		16E3484D1F56C3CC005E30B8 /* LKXEstimatedRowHeightViewController.h */ = {isa = PBXFileReference; fileEncoding = 4; lastKnownFileType = sourcecode.c.h; path = LKXEstimatedRowHeightViewController.h; sourceTree = "<group>"; };
		16E3484E1F56C3CC005E30B8 /* LKXEstimatedRowHeightViewController.m */ = {isa = PBXFileReference; fileEncoding = 4; lastKnownFileType = sourcecode.c.objc; path = LKXEstimatedRowHeightViewController.m; sourceTree = "<group>"; };
		16E348501F56C60E005E30B8 /* LKXEstimatedRowHeightCell.h */ = {isa = PBXFileReference; fileEncoding = 4; lastKnownFileType = sourcecode.c.h; path = LKXEstimatedRowHeightCell.h; sourceTree = "<group>"; };
		16E348511F56C60E005E30B8 /* LKXEstimatedRowHeightCell.m */ = {isa = PBXFileReference; fileEncoding = 4; lastKnownFileType = sourcecode.c.objc; path = LKXEstimatedRowHeightCell.m; sourceTree = "<group>"; };
		16E45CF32054D30200ABEAB5 /* File.rtf */ = {isa = PBXFileReference; lastKnownFileType = text.rtf; path = File.rtf; sourceTree = "<group>"; };
		16E878DB1E94958900893C25 /* LKXDevicePowerTool.h */ = {isa = PBXFileReference; fileEncoding = 4; lastKnownFileType = sourcecode.c.h; path = LKXDevicePowerTool.h; sourceTree = "<group>"; };
		16E878DC1E94958900893C25 /* LKXDevicePowerTool.m */ = {isa = PBXFileReference; fileEncoding = 4; lastKnownFileType = sourcecode.c.objc; path = LKXDevicePowerTool.m; sourceTree = "<group>"; };
		16F46D5122E8260600AAD128 /* HTML.bundle */ = {isa = PBXFileReference; lastKnownFileType = "wrapper.plug-in"; path = HTML.bundle; sourceTree = "<group>"; };
		16F46D5322E83EBF00AAD128 /* libMBProgressHUD.a */ = {isa = PBXFileReference; explicitFileType = archive.ar; path = libMBProgressHUD.a; sourceTree = BUILT_PRODUCTS_DIR; };
		16FA226A1E94ED740000D710 /* LKXCalendarTool.h */ = {isa = PBXFileReference; fileEncoding = 4; lastKnownFileType = sourcecode.c.h; path = LKXCalendarTool.h; sourceTree = "<group>"; };
		16FA226B1E94ED740000D710 /* LKXCalendarTool.m */ = {isa = PBXFileReference; fileEncoding = 4; lastKnownFileType = sourcecode.c.objc; path = LKXCalendarTool.m; sourceTree = "<group>"; };
		3E712AB314C683A435D46C28 /* Pods-LKXFrameworkForiOSUITests.debug.xcconfig */ = {isa = PBXFileReference; includeInIndex = 1; lastKnownFileType = text.xcconfig; name = "Pods-LKXFrameworkForiOSUITests.debug.xcconfig"; path = "Pods/Target Support Files/Pods-LKXFrameworkForiOSUITests/Pods-LKXFrameworkForiOSUITests.debug.xcconfig"; sourceTree = "<group>"; };
		430FC4758B75B723EB324B77 /* Pods-LKXFrameworkForiOSUITests.release.xcconfig */ = {isa = PBXFileReference; includeInIndex = 1; lastKnownFileType = text.xcconfig; name = "Pods-LKXFrameworkForiOSUITests.release.xcconfig"; path = "Pods/Target Support Files/Pods-LKXFrameworkForiOSUITests/Pods-LKXFrameworkForiOSUITests.release.xcconfig"; sourceTree = "<group>"; };
		69800328C8106D951611520F /* Pods-LKXFrameworkForiOS.debug.xcconfig */ = {isa = PBXFileReference; includeInIndex = 1; lastKnownFileType = text.xcconfig; name = "Pods-LKXFrameworkForiOS.debug.xcconfig"; path = "Pods/Target Support Files/Pods-LKXFrameworkForiOS/Pods-LKXFrameworkForiOS.debug.xcconfig"; sourceTree = "<group>"; };
		704EFD100AC04FA8DC811263 /* libPods-LKXFrameworkForiOS.a */ = {isa = PBXFileReference; explicitFileType = archive.ar; includeInIndex = 0; path = "libPods-LKXFrameworkForiOS.a"; sourceTree = BUILT_PRODUCTS_DIR; };
		895235A3A4F558E95137A7D1 /* libPods-LKXFrameworkForiOSUITests.a */ = {isa = PBXFileReference; explicitFileType = archive.ar; includeInIndex = 0; path = "libPods-LKXFrameworkForiOSUITests.a"; sourceTree = BUILT_PRODUCTS_DIR; };
		99AF9ED19EBEE9815F358D19 /* Pods-LKXFrameworkForiOSTests.debug.xcconfig */ = {isa = PBXFileReference; includeInIndex = 1; lastKnownFileType = text.xcconfig; name = "Pods-LKXFrameworkForiOSTests.debug.xcconfig"; path = "Pods/Target Support Files/Pods-LKXFrameworkForiOSTests/Pods-LKXFrameworkForiOSTests.debug.xcconfig"; sourceTree = "<group>"; };
		9A936699A15739909BB0395F /* libPods-LKXFrameworkForiOSTests.a */ = {isa = PBXFileReference; explicitFileType = archive.ar; includeInIndex = 0; path = "libPods-LKXFrameworkForiOSTests.a"; sourceTree = BUILT_PRODUCTS_DIR; };
		9D47BA3D11BF59435EA5CA0B /* Pods-LKXFrameworkForiOS.release.xcconfig */ = {isa = PBXFileReference; includeInIndex = 1; lastKnownFileType = text.xcconfig; name = "Pods-LKXFrameworkForiOS.release.xcconfig"; path = "Pods/Target Support Files/Pods-LKXFrameworkForiOS/Pods-LKXFrameworkForiOS.release.xcconfig"; sourceTree = "<group>"; };
		B1FF06A3A5E8A58C76C8BC94 /* Pods-LKXFrameworkForiOSTests.release.xcconfig */ = {isa = PBXFileReference; includeInIndex = 1; lastKnownFileType = text.xcconfig; name = "Pods-LKXFrameworkForiOSTests.release.xcconfig"; path = "Pods/Target Support Files/Pods-LKXFrameworkForiOSTests/Pods-LKXFrameworkForiOSTests.release.xcconfig"; sourceTree = "<group>"; };
/* End PBXFileReference section */

/* Begin PBXFrameworksBuildPhase section */
		163DF2071CC6000600A2DA26 /* Frameworks */ = {
			isa = PBXFrameworksBuildPhase;
			buildActionMask = 2147483647;
			files = (
				274BFF32535E4BCABF1B448E /* libPods-LKXFrameworkForiOS.a in Frameworks */,
			);
			runOnlyForDeploymentPostprocessing = 0;
		};
		163DF2201CC6000600A2DA26 /* Frameworks */ = {
			isa = PBXFrameworksBuildPhase;
			buildActionMask = 2147483647;
			files = (
				9055A69047B8C7782221A3A3 /* libPods-LKXFrameworkForiOSTests.a in Frameworks */,
			);
			runOnlyForDeploymentPostprocessing = 0;
		};
		163DF22B1CC6000600A2DA26 /* Frameworks */ = {
			isa = PBXFrameworksBuildPhase;
			buildActionMask = 2147483647;
			files = (
				C2DA2A01CE4CC8DD8D5D75B4 /* libPods-LKXFrameworkForiOSUITests.a in Frameworks */,
			);
			runOnlyForDeploymentPostprocessing = 0;
		};
/* End PBXFrameworksBuildPhase section */

/* Begin PBXGroup section */
		163B6E4A2387D3EB009C7D5B /* Other */ = {
			isa = PBXGroup;
			children = (
				16CED7AE1D4AF36D006C09CC /* LKXFrameworkForiOS-Prefix.pch */,
				16A7D49B1D4AFF9B00160D34 /* LKXConstString.h */,
				16A7D49C1D4AFF9B00160D34 /* LKXConstString.m */,
			);
			path = Other;
			sourceTree = "<group>";
		};
		163DF2011CC6000600A2DA26 = {
			isa = PBXGroup;
			children = (
				1650572825273350002BEE37 /* LKXFrameworkForiOS.podspec */,
				163DF20C1CC6000600A2DA26 /* LKXFrameworkForiOS */,
				163DF2261CC6000600A2DA26 /* LKXFrameworkForiOSTests */,
				163DF2311CC6000600A2DA26 /* LKXFrameworkForiOSUITests */,
				16875D9B1DE3E9B400F09085 /* Frameworks */,
				163DF20B1CC6000600A2DA26 /* Products */,
				F813F51231332ED064DF5CA2 /* Pods */,
			);
			sourceTree = "<group>";
		};
		163DF20B1CC6000600A2DA26 /* Products */ = {
			isa = PBXGroup;
			children = (
				163DF20A1CC6000600A2DA26 /* LKXFrameworkForiOS.app */,
				163DF2231CC6000600A2DA26 /* LKXFrameworkForiOSTests.xctest */,
				163DF22E1CC6000600A2DA26 /* LKXFrameworkForiOSUITests.xctest */,
			);
			name = Products;
			sourceTree = "<group>";
		};
		163DF20C1CC6000600A2DA26 /* LKXFrameworkForiOS */ = {
			isa = PBXGroup;
			children = (
				168F010F1FB40B9200CBFC6F /* Assets.xcassets */,
				168F011C1FB40BC300CBFC6F /* Launch */,
				163DF2401CC6001B00A2DA26 /* Classes */,
				163DF20D1CC6000600A2DA26 /* Supporting Files */,
				16E45CF32054D30200ABEAB5 /* File.rtf */,
			);
			path = LKXFrameworkForiOS;
			sourceTree = "<group>";
		};
		163DF20D1CC6000600A2DA26 /* Supporting Files */ = {
			isa = PBXGroup;
			children = (
			);
			name = "Supporting Files";
			sourceTree = "<group>";
		};
		163DF2261CC6000600A2DA26 /* LKXFrameworkForiOSTests */ = {
			isa = PBXGroup;
			children = (
				163DF2271CC6000600A2DA26 /* LKXFrameworkForiOSTests.m */,
				164EAD831FBC4AA900BAFED4 /* LKXUserTests.m */,
				163DF2291CC6000600A2DA26 /* Info.plist */,
			);
			path = LKXFrameworkForiOSTests;
			sourceTree = "<group>";
		};
		163DF2311CC6000600A2DA26 /* LKXFrameworkForiOSUITests */ = {
			isa = PBXGroup;
			children = (
				163DF2321CC6000600A2DA26 /* LKXFrameworkForiOSUITests.m */,
				163DF2341CC6000600A2DA26 /* Info.plist */,
			);
			path = LKXFrameworkForiOSUITests;
			sourceTree = "<group>";
		};
		163DF2401CC6001B00A2DA26 /* Classes */ = {
			isa = PBXGroup;
			children = (
				166C72EF1D4B4FBF00D66FEA /* Expand */,
				16CED7181D4AF36D006C09CC /* Main */,
				16CED73A1D4AF36D006C09CC /* Vender */,
				16CED7A41D4AF36D006C09CC /* Resource */,
			);
			path = Classes;
			sourceTree = "<group>";
		};
		164EAD7B1FBBDF8D00BAFED4 /* Main */ = {
			isa = PBXGroup;
			children = (
				16BE78A61FB53D430084CBA8 /* View */,
				16CA807C1DB755DB00FF5F1A /* LKXcardPassesViewController.h */,
				16CA807D1DB755DB00FF5F1A /* LKXcardPassesViewController.m */,
			);
			path = Main;
			sourceTree = "<group>";
		};
		164EAD7C1FBBDF9700BAFED4 /* StretchingHeader */ = {
			isa = PBXGroup;
			children = (
				164EAD7D1FBBDFD800BAFED4 /* LKXStretchingHeaderViewController.h */,
				164EAD7E1FBBDFD800BAFED4 /* LKXStretchingHeaderViewController.m */,
			);
			path = StretchingHeader;
			sourceTree = "<group>";
		};
		166C72EF1D4B4FBF00D66FEA /* Expand */ = {
			isa = PBXGroup;
			children = (
				163B6E4A2387D3EB009C7D5B /* Other */,
				16CEDD9A1D4AFBBE006C09CC /* BaseKit */,
				166C72F01D4B4FBF00D66FEA /* LKXAutolayout */,
				166C72F81D4B4FBF00D66FEA /* LKXCommonFile */,
				166C733F1D4B4FBF00D66FEA /* NetWorking */,
			);
			path = Expand;
			sourceTree = "<group>";
		};
		166C72F01D4B4FBF00D66FEA /* LKXAutolayout */ = {
			isa = PBXGroup;
			children = (
				166C72F11D4B4FBF00D66FEA /* LKXLayoutContraint.h */,
				166C72F21D4B4FBF00D66FEA /* NSLayoutConstraint+Addition.h */,
				166C72F31D4B4FBF00D66FEA /* NSLayoutConstraint+Addition.m */,
				166C72F41D4B4FBF00D66FEA /* NSLayoutConstraint+Horizontal.h */,
				166C72F51D4B4FBF00D66FEA /* NSLayoutConstraint+Horizontal.m */,
				166C72F61D4B4FBF00D66FEA /* NSLayoutConstraint+Vertical.h */,
				166C72F71D4B4FBF00D66FEA /* NSLayoutConstraint+Vertical.m */,
			);
			path = LKXAutolayout;
			sourceTree = "<group>";
		};
		166C72F81D4B4FBF00D66FEA /* LKXCommonFile */ = {
			isa = PBXGroup;
			children = (
				166C72F91D4B4FBF00D66FEA /* category */,
				166C731B1D4B4FBF00D66FEA /* CommonTool */,
				166C732B1D4B4FBF00D66FEA /* tool */,
			);
			path = LKXCommonFile;
			sourceTree = "<group>";
		};
		166C72F91D4B4FBF00D66FEA /* category */ = {
			isa = PBXGroup;
			children = (
				16366EAF234E119D00E1BFD2 /* NSTimer+LKXWeakTime.h */,
				16366EB0234E119E00E1BFD2 /* NSTimer+LKXWeakTime.m */,
				16347EFF1DB8D22A00D997C7 /* UIControl+LKXRuntime.h */,
				16347F001DB8D22A00D997C7 /* UIControl+LKXRuntime.m */,
				166C72FA1D4B4FBF00D66FEA /* CAShapeLayer+LKXCategory.h */,
				166C72FB1D4B4FBF00D66FEA /* CAShapeLayer+LKXCategory.m */,
				166C72FC1D4B4FBF00D66FEA /* NSArray+LKXCategory.h */,
				166C72FD1D4B4FBF00D66FEA /* NSArray+LKXCategory.m */,
				166C72FE1D4B4FBF00D66FEA /* NSData+LKXCategory.h */,
				166C72FF1D4B4FBF00D66FEA /* NSData+LKXCategory.m */,
				166C73001D4B4FBF00D66FEA /* NSDate+LKXCategory.h */,
				166C73011D4B4FBF00D66FEA /* NSDate+LKXCategory.m */,
				166C73021D4B4FBF00D66FEA /* NSDate+LKXFormatter.h */,
				166C73031D4B4FBF00D66FEA /* NSDate+LKXFormatter.m */,
				166C73041D4B4FBF00D66FEA /* NSMutableAttributedString+LKXCategory.h */,
				166C73051D4B4FBF00D66FEA /* NSMutableAttributedString+LKXCategory.m */,
				166C73061D4B4FBF00D66FEA /* NSString+LKXCategory.h */,
				166C73071D4B4FBF00D66FEA /* NSString+LKXCategory.m */,
				166C73081D4B4FBF00D66FEA /* NSString+LKXEncryption.h */,
				166C73091D4B4FBF00D66FEA /* NSString+LKXEncryption.m */,
				166C730A1D4B4FBF00D66FEA /* NSString+LKXVerification.h */,
				166C730B1D4B4FBF00D66FEA /* NSString+LKXVerification.m */,
				166C730E1D4B4FBF00D66FEA /* UIColor+LKXCategory.h */,
				166C730F1D4B4FBF00D66FEA /* UIColor+LKXCategory.m */,
				166C73121D4B4FBF00D66FEA /* UIImage+LKXCategory.h */,
				166C73131D4B4FBF00D66FEA /* UIImage+LKXCategory.m */,
				166C73151D4B4FBF00D66FEA /* UIWebView+LKXCallPhone.m */,
				166C73141D4B4FBF00D66FEA /* UIWebView+LKXCallPhone.h */,
				168F011D1FB40C3C00CBFC6F /* NSObject+LKXRuntime.h */,
				168F011E1FB40C3C00CBFC6F /* NSObject+LKXRuntime.m */,
				164EAD801FBBEFE800BAFED4 /* UINavigationController+LKXCategory.h */,
				164EAD811FBBEFE800BAFED4 /* UINavigationController+LKXCategory.m */,
				166C73291D4B4FBF00D66FEA /* UIView+Common.h */,
				166C732A1D4B4FBF00D66FEA /* UIView+Common.m */,
				169589D725330289009E4311 /* UIView+LKXBase.h */,
				169589D825330289009E4311 /* UIView+LKXBase.m */,
			);
			path = category;
			sourceTree = "<group>";
		};
		166C731B1D4B4FBF00D66FEA /* CommonTool */ = {
			isa = PBXGroup;
			children = (
				16CA80521DB728DE00FF5F1A /* LKXError.h */,
				16CA80531DB728DE00FF5F1A /* LKXError.m */,
				166C731C1D4B4FBF00D66FEA /* LKXBigButton.h */,
				166C731D1D4B4FBF00D66FEA /* LKXBigButton.m */,
				166C731E1D4B4FBF00D66FEA /* ChineseToPinyin.h */,
				166C731F1D4B4FBF00D66FEA /* ChineseToPinyin.m */,
				166C73201D4B4FBF00D66FEA /* LKX_Tooles.h */,
				166C73211D4B4FBF00D66FEA /* LKX_Tooles.m */,
				166C73241D4B4FBF00D66FEA /* LKXAPPDefine.h */,
				166C73251D4B4FBF00D66FEA /* LKXTextView.h */,
				166C73261D4B4FBF00D66FEA /* LKXTextView.m */,
				166C73271D4B4FBF00D66FEA /* Macros_UICommon.h */,
				166C73281D4B4FBF00D66FEA /* SingletonMacro.h */,
			);
			path = CommonTool;
			sourceTree = "<group>";
		};
		166C732B1D4B4FBF00D66FEA /* tool */ = {
			isa = PBXGroup;
			children = (
				1685CD3C22A8F75A007D3AD1 /* LKXKeychainTool.h */,
				1685CD3D22A8F75A007D3AD1 /* LKXKeychainTool.m */,
				16994AF51F93182E00DC878F /* LKXImagePickerTool.h */,
				16994AF41F93182D00DC878F /* LKXImagePickerTool.m */,
				1665ED741F287214000CCD4F /* LKXAlertTool.h */,
				1665ED751F287214000CCD4F /* LKXAlertTool.m */,
				16FA226A1E94ED740000D710 /* LKXCalendarTool.h */,
				16FA226B1E94ED740000D710 /* LKXCalendarTool.m */,
				16E878DB1E94958900893C25 /* LKXDevicePowerTool.h */,
				16E878DC1E94958900893C25 /* LKXDevicePowerTool.m */,
				1626DC351DE82DC9005C70C2 /* LKXApplicationInfo.h */,
				1626DC361DE82DC9005C70C2 /* LKXApplicationInfo.m */,
				166C732C1D4B4FBF00D66FEA /* LKXEmailSendTool.h */,
				166C732D1D4B4FBF00D66FEA /* LKXEmailSendTool.m */,
				166C732E1D4B4FBF00D66FEA /* LKXSpringCollectionViewFlowLayout.h */,
				166C732F1D4B4FBF00D66FEA /* LKXSpringCollectionViewFlowLayout.m */,
				166C73301D4B4FBF00D66FEA /* LKXTextField.h */,
				166C73311D4B4FBF00D66FEA /* LKXTextField.m */,
				166C73341D4B4FBF00D66FEA /* MBHUDTool */,
				166C73391D4B4FBF00D66FEA /* ReachabilityTool */,
				16875DEE1DE43F3300F09085 /* LKXTouchIDValidateTool.h */,
				16875DEF1DE43F3300F09085 /* LKXTouchIDValidateTool.m */,
			);
			path = tool;
			sourceTree = "<group>";
		};
		166C73341D4B4FBF00D66FEA /* MBHUDTool */ = {
			isa = PBXGroup;
			children = (
				166C73351D4B4FBF00D66FEA /* MBHUDTool.h */,
				166C73361D4B4FBF00D66FEA /* MBHUDTool.m */,
			);
			path = MBHUDTool;
			sourceTree = "<group>";
		};
		166C73391D4B4FBF00D66FEA /* ReachabilityTool */ = {
			isa = PBXGroup;
			children = (
				166C733C1D4B4FBF00D66FEA /* ReachabilityTool.h */,
				166C733D1D4B4FBF00D66FEA /* ReachabilityTool.m */,
				166C733E1D4B4FBF00D66FEA /* Reachability_using.h */,
			);
			path = ReachabilityTool;
			sourceTree = "<group>";
		};
		166C733F1D4B4FBF00D66FEA /* NetWorking */ = {
			isa = PBXGroup;
			children = (
				166C73401D4B4FBF00D66FEA /* AFNetWorkingTool.h */,
				166C73411D4B4FBF00D66FEA /* AFNetWorkingTool.m */,
				166C73421D4B4FBF00D66FEA /* LKXRequestManager.h */,
				166C73431D4B4FBF00D66FEA /* LKXRequestManager.m */,
			);
			path = NetWorking;
			sourceTree = "<group>";
		};
		16837AB01DD0866E0048BCE0 /* WKWebView */ = {
			isa = PBXGroup;
			children = (
				1638649622A617AE00EC9C42 /* LKXUserExports.h */,
				163B6E4B2387D492009C7D5B /* LKXUser.h */,
				163B6E4C2387D492009C7D5B /* LKXUser.m */,
				16774A6F1EC419BD00602906 /* LKXWKWebDemoViewController.h */,
				16774A701EC419BD00602906 /* LKXWKWebDemoViewController.m */,
			);
			path = WKWebView;
			sourceTree = "<group>";
		};
		16875D9B1DE3E9B400F09085 /* Frameworks */ = {
			isa = PBXGroup;
			children = (
				16F46D5322E83EBF00AAD128 /* libMBProgressHUD.a */,
				16875D9C1DE3E9B400F09085 /* NotificationCenter.framework */,
				704EFD100AC04FA8DC811263 /* libPods-LKXFrameworkForiOS.a */,
				9A936699A15739909BB0395F /* libPods-LKXFrameworkForiOSTests.a */,
				895235A3A4F558E95137A7D1 /* libPods-LKXFrameworkForiOSUITests.a */,
			);
			name = Frameworks;
			sourceTree = "<group>";
		};
		168F01081FB40B9100CBFC6F /* Base.lproj */ = {
			isa = PBXGroup;
			children = (
				16AAA0E222E7096E0007E5BD /* Main.storyboard */,
				16AAA0E522E7097D0007E5BD /* LaunchScreen.storyboard */,
			);
			path = Base.lproj;
			sourceTree = "<group>";
		};
		168F011C1FB40BC300CBFC6F /* Launch */ = {
			isa = PBXGroup;
			children = (
				168F01121FB40B9200CBFC6F /* AppDelegate.h */,
				168F01101FB40B9200CBFC6F /* AppDelegate.m */,
				168F01081FB40B9100CBFC6F /* Base.lproj */,
				168F01111FB40B9200CBFC6F /* Info.plist */,
				168F010D1FB40B9100CBFC6F /* main.m */,
			);
			path = Launch;
			sourceTree = "<group>";
		};
		16BE78A61FB53D430084CBA8 /* View */ = {
			isa = PBXGroup;
			children = (
				16BE78A71FB53D640084CBA8 /* UIImage+LKXHack.h */,
				16BE78A81FB53D640084CBA8 /* UIImage+LKXHack.m */,
			);
			path = View;
			sourceTree = "<group>";
		};
		16CA807B1DB755CF00FF5F1A /* Home */ = {
			isa = PBXGroup;
			children = (
				164EAD7C1FBBDF9700BAFED4 /* StretchingHeader */,
				164EAD7B1FBBDF8D00BAFED4 /* Main */,
			);
			path = Home;
			sourceTree = "<group>";
		};
		16CED7181D4AF36D006C09CC /* Main */ = {
			isa = PBXGroup;
			children = (
				16E3484C1F56C26D005E30B8 /* TableView */,
				16837AB01DD0866E0048BCE0 /* WKWebView */,
				16CA807B1DB755CF00FF5F1A /* Home */,
			);
			path = Main;
			sourceTree = "<group>";
		};
		16CED73A1D4AF36D006C09CC /* Vender */ = {
			isa = PBXGroup;
			children = (
				16D51F0222A7610100F27E8C /* SecureNSCoder */,
			);
			path = Vender;
			sourceTree = "<group>";
		};
		16CED7A41D4AF36D006C09CC /* Resource */ = {
			isa = PBXGroup;
			children = (
				164C710A22A665160014ACBF /* sm.jpg */,
				16F46D5122E8260600AAD128 /* HTML.bundle */,
			);
			path = Resource;
			sourceTree = "<group>";
		};
		16CEDD9A1D4AFBBE006C09CC /* BaseKit */ = {
			isa = PBXGroup;
			children = (
				16CEDD9B1D4AFBBE006C09CC /* Model */,
				16CEDD9E1D4AFBBE006C09CC /* View */,
				16CEDDA91D4AFBBE006C09CC /* ViewController */,
			);
			path = BaseKit;
			sourceTree = "<group>";
		};
		16CEDD9B1D4AFBBE006C09CC /* Model */ = {
			isa = PBXGroup;
			children = (
				1632B69022EECDFE00F3F8D3 /* LKXTabBarItemModel.h */,
				160AAABA22EEC9FB00F69973 /* LKXTabBarItemModel.m */,
			);
			path = Model;
			sourceTree = "<group>";
		};
		16CEDD9E1D4AFBBE006C09CC /* View */ = {
			isa = PBXGroup;
			children = (
				1698528F1EE79CAF00F04D62 /* LKXWebProgressView.h */,
				169852901EE79CAF00F04D62 /* LKXWebProgressView.m */,
				166489B71D4B076B0037F789 /* LKXBarButton.h */,
				166489B81D4B076B0037F789 /* LKXBarButton.m */,
				16CEDDC51D4AFC1C006C09CC /* LKXCollectionViewCell.h */,
				16CEDDC61D4AFC1C006C09CC /* LKXCollectionViewCell.m */,
				16CEDDC71D4AFC1C006C09CC /* LKXReloadView.h */,
				16CEDDC81D4AFC1C006C09CC /* LKXReloadView.m */,
				16CEDDC91D4AFC1C006C09CC /* LKXSameLengthCollectionViewFlowLayout.h */,
				16CEDDCA1D4AFC1C006C09CC /* LKXSameLengthCollectionViewFlowLayout.m */,
				16CEDDCB1D4AFC1C006C09CC /* LKXTabBar.h */,
				16CEDDCC1D4AFC1C006C09CC /* LKXTabBar.m */,
				16CEDDCD1D4AFC1C006C09CC /* LKXTabBarButton.h */,
				16CEDDCE1D4AFC1C006C09CC /* LKXTabBarButton.m */,
				16CEDDCF1D4AFC1C006C09CC /* LKXTableViewCell.h */,
				16CEDDD01D4AFC1C006C09CC /* LKXTableViewCell.m */,
				16CEDDD11D4AFC1C006C09CC /* UIBarButtonItem+LKXCategory.h */,
				16CEDDD21D4AFC1C006C09CC /* UIBarButtonItem+LKXCategory.m */,
			);
			path = View;
			sourceTree = "<group>";
		};
		16CEDDA91D4AFBBE006C09CC /* ViewController */ = {
			isa = PBXGroup;
			children = (
				16CEDDAA1D4AFBBE006C09CC /* LKXBaseViewController.h */,
				16CEDDAB1D4AFBBE006C09CC /* LKXBaseViewController.m */,
				16CEDDAC1D4AFBBE006C09CC /* LKXCollectionViewController.h */,
				16CEDDAD1D4AFBBE006C09CC /* LKXCollectionViewController.m */,
				16CEDDAE1D4AFBBE006C09CC /* LKXNavigationController.h */,
				16CEDDAF1D4AFBBE006C09CC /* LKXNavigationController.m */,
				16CEDDB01D4AFBBE006C09CC /* LKXScrollViewController.h */,
				16CEDDB11D4AFBBE006C09CC /* LKXScrollViewController.m */,
				16CEDDB21D4AFBBE006C09CC /* LKXTabBarController.h */,
				16CEDDB31D4AFBBE006C09CC /* LKXTabBarController.m */,
				16CEDDB41D4AFBBE006C09CC /* LKXTableViewController.h */,
				16CEDDB51D4AFBBE006C09CC /* LKXTableViewController.m */,
				16CEDDB61D4AFBBE006C09CC /* LKXWebViewController.h */,
				16CEDDB71D4AFBBE006C09CC /* LKXWebViewController.m */,
				1684C7741E7F81ED0006B43D /* LKXWKWebViewController.h */,
				1684C7751E7F81ED0006B43D /* LKXWKWebViewController.m */,
			);
			path = ViewController;
			sourceTree = "<group>";
		};
		16D51F0222A7610100F27E8C /* SecureNSCoder */ = {
			isa = PBXGroup;
			children = (
				16D51F0522A7610100F27E8C /* SecureArchiverDelegate.h */,
				16D51F0322A7610100F27E8C /* SecureArchiverDelegate.m */,
				16D51F0422A7610100F27E8C /* SimpleKeychainWrapper.h */,
				16D51F0622A7610100F27E8C /* SimpleKeychainWrapper.m */,
			);
			path = SecureNSCoder;
			sourceTree = "<group>";
		};
		16E3484C1F56C26D005E30B8 /* TableView */ = {
			isa = PBXGroup;
			children = (
				16E3484D1F56C3CC005E30B8 /* LKXEstimatedRowHeightViewController.h */,
				16E3484E1F56C3CC005E30B8 /* LKXEstimatedRowHeightViewController.m */,
				16E348501F56C60E005E30B8 /* LKXEstimatedRowHeightCell.h */,
				16E348511F56C60E005E30B8 /* LKXEstimatedRowHeightCell.m */,
			);
			path = TableView;
			sourceTree = "<group>";
		};
		F813F51231332ED064DF5CA2 /* Pods */ = {
			isa = PBXGroup;
			children = (
				69800328C8106D951611520F /* Pods-LKXFrameworkForiOS.debug.xcconfig */,
				9D47BA3D11BF59435EA5CA0B /* Pods-LKXFrameworkForiOS.release.xcconfig */,
				99AF9ED19EBEE9815F358D19 /* Pods-LKXFrameworkForiOSTests.debug.xcconfig */,
				B1FF06A3A5E8A58C76C8BC94 /* Pods-LKXFrameworkForiOSTests.release.xcconfig */,
				3E712AB314C683A435D46C28 /* Pods-LKXFrameworkForiOSUITests.debug.xcconfig */,
				430FC4758B75B723EB324B77 /* Pods-LKXFrameworkForiOSUITests.release.xcconfig */,
			);
			name = Pods;
			sourceTree = "<group>";
		};
/* End PBXGroup section */

/* Begin PBXNativeTarget section */
		163DF2091CC6000600A2DA26 /* LKXFrameworkForiOS */ = {
			isa = PBXNativeTarget;
			buildConfigurationList = 163DF2371CC6000600A2DA26 /* Build configuration list for PBXNativeTarget "LKXFrameworkForiOS" */;
			buildPhases = (
				18E48FBA5CC80B8016A7691D /* [CP] Check Pods Manifest.lock */,
				163DF2061CC6000600A2DA26 /* Sources */,
				163DF2071CC6000600A2DA26 /* Frameworks */,
				163DF2081CC6000600A2DA26 /* Resources */,
				16875DAC1DE3E9B400F09085 /* Embed App Extensions */,
				648512B97375A29B395533BD /* [CP] Copy Pods Resources */,
			);
			buildRules = (
			);
			dependencies = (
			);
			name = LKXFrameworkForiOS;
			productName = LKXFrameworkForiOS;
			productReference = 163DF20A1CC6000600A2DA26 /* LKXFrameworkForiOS.app */;
			productType = "com.apple.product-type.application";
		};
		163DF2221CC6000600A2DA26 /* LKXFrameworkForiOSTests */ = {
			isa = PBXNativeTarget;
			buildConfigurationList = 163DF23A1CC6000600A2DA26 /* Build configuration list for PBXNativeTarget "LKXFrameworkForiOSTests" */;
			buildPhases = (
				D8C502EEE3E94FF63D2AE21B /* [CP] Check Pods Manifest.lock */,
				163DF21F1CC6000600A2DA26 /* Sources */,
				163DF2201CC6000600A2DA26 /* Frameworks */,
				163DF2211CC6000600A2DA26 /* Resources */,
			);
			buildRules = (
			);
			dependencies = (
				163DF2251CC6000600A2DA26 /* PBXTargetDependency */,
			);
			name = LKXFrameworkForiOSTests;
			productName = LKXFrameworkForiOSTests;
			productReference = 163DF2231CC6000600A2DA26 /* LKXFrameworkForiOSTests.xctest */;
			productType = "com.apple.product-type.bundle.unit-test";
		};
		163DF22D1CC6000600A2DA26 /* LKXFrameworkForiOSUITests */ = {
			isa = PBXNativeTarget;
			buildConfigurationList = 163DF23D1CC6000600A2DA26 /* Build configuration list for PBXNativeTarget "LKXFrameworkForiOSUITests" */;
			buildPhases = (
				7548C8A33C382DBA94022ADE /* [CP] Check Pods Manifest.lock */,
				163DF22A1CC6000600A2DA26 /* Sources */,
				163DF22B1CC6000600A2DA26 /* Frameworks */,
				163DF22C1CC6000600A2DA26 /* Resources */,
			);
			buildRules = (
			);
			dependencies = (
				163DF2301CC6000600A2DA26 /* PBXTargetDependency */,
			);
			name = LKXFrameworkForiOSUITests;
			productName = LKXFrameworkForiOSUITests;
			productReference = 163DF22E1CC6000600A2DA26 /* LKXFrameworkForiOSUITests.xctest */;
			productType = "com.apple.product-type.bundle.ui-testing";
		};
/* End PBXNativeTarget section */

/* Begin PBXProject section */
		163DF2021CC6000600A2DA26 /* Project object */ = {
			isa = PBXProject;
			attributes = {
				CLASSPREFIX = LKX;
				LastUpgradeCheck = 1020;
				ORGANIZATIONNAME = "刘克邪";
				TargetAttributes = {
					163DF2091CC6000600A2DA26 = {
						CreatedOnToolsVersion = 7.2.1;
						DevelopmentTeam = CCE8HZ4H5D;
						ProvisioningStyle = Automatic;
						SystemCapabilities = {
							com.apple.BackgroundModes = {
								enabled = 1;
							};
							com.apple.Keychain = {
								enabled = 0;
							};
						};
					};
					163DF2221CC6000600A2DA26 = {
						CreatedOnToolsVersion = 7.2.1;
						DevelopmentTeam = CCE8HZ4H5D;
						TestTargetID = 163DF2091CC6000600A2DA26;
					};
					163DF22D1CC6000600A2DA26 = {
						CreatedOnToolsVersion = 7.2.1;
						DevelopmentTeam = CCE8HZ4H5D;
						TestTargetID = 163DF2091CC6000600A2DA26;
					};
				};
			};
			buildConfigurationList = 163DF2051CC6000600A2DA26 /* Build configuration list for PBXProject "LKXFrameworkForiOS" */;
			compatibilityVersion = "Xcode 3.2";
			developmentRegion = en;
			hasScannedForEncodings = 0;
			knownRegions = (
				en,
				Base,
			);
			mainGroup = 163DF2011CC6000600A2DA26;
			productRefGroup = 163DF20B1CC6000600A2DA26 /* Products */;
			projectDirPath = "";
			projectRoot = "";
			targets = (
				163DF2091CC6000600A2DA26 /* LKXFrameworkForiOS */,
				163DF2221CC6000600A2DA26 /* LKXFrameworkForiOSTests */,
				163DF22D1CC6000600A2DA26 /* LKXFrameworkForiOSUITests */,
			);
		};
/* End PBXProject section */

/* Begin PBXResourcesBuildPhase section */
		163DF2081CC6000600A2DA26 /* Resources */ = {
			isa = PBXResourcesBuildPhase;
			buildActionMask = 2147483647;
			files = (
				16AAA0E422E7096E0007E5BD /* Main.storyboard in Resources */,
				164C710B22A665160014ACBF /* sm.jpg in Resources */,
				16F46D5222E8260600AAD128 /* HTML.bundle in Resources */,
				16E45CF42054D30200ABEAB5 /* File.rtf in Resources */,
				16AAA0E722E7097D0007E5BD /* LaunchScreen.storyboard in Resources */,
				1650572925273350002BEE37 /* LKXFrameworkForiOS.podspec in Resources */,
			);
			runOnlyForDeploymentPostprocessing = 0;
		};
		163DF2211CC6000600A2DA26 /* Resources */ = {
			isa = PBXResourcesBuildPhase;
			buildActionMask = 2147483647;
			files = (
			);
			runOnlyForDeploymentPostprocessing = 0;
		};
		163DF22C1CC6000600A2DA26 /* Resources */ = {
			isa = PBXResourcesBuildPhase;
			buildActionMask = 2147483647;
			files = (
			);
			runOnlyForDeploymentPostprocessing = 0;
		};
/* End PBXResourcesBuildPhase section */

/* Begin PBXShellScriptBuildPhase section */
		18E48FBA5CC80B8016A7691D /* [CP] Check Pods Manifest.lock */ = {
			isa = PBXShellScriptBuildPhase;
			buildActionMask = 2147483647;
			files = (
			);
			inputPaths = (
				"${PODS_PODFILE_DIR_PATH}/Podfile.lock",
				"${PODS_ROOT}/Manifest.lock",
			);
			name = "[CP] Check Pods Manifest.lock";
			outputPaths = (
				"$(DERIVED_FILE_DIR)/Pods-LKXFrameworkForiOS-checkManifestLockResult.txt",
			);
			runOnlyForDeploymentPostprocessing = 0;
			shellPath = /bin/sh;
			shellScript = "diff \"${PODS_PODFILE_DIR_PATH}/Podfile.lock\" \"${PODS_ROOT}/Manifest.lock\" > /dev/null\nif [ $? != 0 ] ; then\n    # print error to STDERR\n    echo \"error: The sandbox is not in sync with the Podfile.lock. Run 'pod install' or update your CocoaPods installation.\" >&2\n    exit 1\nfi\n# This output is used by Xcode 'outputs' to avoid re-running this script phase.\necho \"SUCCESS\" > \"${SCRIPT_OUTPUT_FILE_0}\"\n";
			showEnvVarsInLog = 0;
		};
		648512B97375A29B395533BD /* [CP] Copy Pods Resources */ = {
			isa = PBXShellScriptBuildPhase;
			buildActionMask = 2147483647;
			files = (
			);
			inputPaths = (
				"${PODS_ROOT}/Target Support Files/Pods-LKXFrameworkForiOS/Pods-LKXFrameworkForiOS-resources.sh",
				"${PODS_ROOT}/MJRefresh/MJRefresh/MJRefresh.bundle",
				"${PODS_ROOT}/YKWoodpecker/YKWoodpecker/Assets/Images.xcassets/Contents.json",
				"${PODS_ROOT}/YKWoodpecker/YKWoodpecker/Assets/Images.xcassets/icon_woodpecker.imageset/Contents.json",
				"${PODS_ROOT}/YKWoodpecker/YKWoodpecker/Assets/Images.xcassets/icon_woodpecker.imageset/icon_woodpecker@2x.png",
				"${PODS_ROOT}/YKWoodpecker/YKWoodpecker/Assets/Images.xcassets/icon_woodpecker.imageset/icon_woodpecker@3x.png",
				"${PODS_ROOT}/YKWoodpecker/YKWoodpecker/Plugins/woodpecker_plugin_list_cn.plist",
				"${PODS_ROOT}/YKWoodpecker/YKWoodpecker/Plugins/woodpecker_plugin_list_en.plist",
				"${PODS_ROOT}/YKWoodpecker/YKWoodpecker/Utils/ykwoodpecker_cn.json",
				"${PODS_ROOT}/YKWoodpecker/YKWoodpecker/Assets/Images.xcassets",
			);
			name = "[CP] Copy Pods Resources";
			outputPaths = (
				"${TARGET_BUILD_DIR}/${UNLOCALIZED_RESOURCES_FOLDER_PATH}/MJRefresh.bundle",
				"${TARGET_BUILD_DIR}/${UNLOCALIZED_RESOURCES_FOLDER_PATH}/Contents.json",
				"${TARGET_BUILD_DIR}/${UNLOCALIZED_RESOURCES_FOLDER_PATH}/icon_woodpecker@2x.png",
				"${TARGET_BUILD_DIR}/${UNLOCALIZED_RESOURCES_FOLDER_PATH}/icon_woodpecker@3x.png",
				"${TARGET_BUILD_DIR}/${UNLOCALIZED_RESOURCES_FOLDER_PATH}/woodpecker_plugin_list_cn.plist",
				"${TARGET_BUILD_DIR}/${UNLOCALIZED_RESOURCES_FOLDER_PATH}/woodpecker_plugin_list_en.plist",
				"${TARGET_BUILD_DIR}/${UNLOCALIZED_RESOURCES_FOLDER_PATH}/ykwoodpecker_cn.json",
				"${TARGET_BUILD_DIR}/${UNLOCALIZED_RESOURCES_FOLDER_PATH}/Assets.car",
			);
			runOnlyForDeploymentPostprocessing = 0;
			shellPath = /bin/sh;
			shellScript = "\"${PODS_ROOT}/Target Support Files/Pods-LKXFrameworkForiOS/Pods-LKXFrameworkForiOS-resources.sh\"\n";
			showEnvVarsInLog = 0;
		};
		7548C8A33C382DBA94022ADE /* [CP] Check Pods Manifest.lock */ = {
			isa = PBXShellScriptBuildPhase;
			buildActionMask = 2147483647;
			files = (
			);
			inputPaths = (
				"${PODS_PODFILE_DIR_PATH}/Podfile.lock",
				"${PODS_ROOT}/Manifest.lock",
			);
			name = "[CP] Check Pods Manifest.lock";
			outputPaths = (
				"$(DERIVED_FILE_DIR)/Pods-LKXFrameworkForiOSUITests-checkManifestLockResult.txt",
			);
			runOnlyForDeploymentPostprocessing = 0;
			shellPath = /bin/sh;
			shellScript = "diff \"${PODS_PODFILE_DIR_PATH}/Podfile.lock\" \"${PODS_ROOT}/Manifest.lock\" > /dev/null\nif [ $? != 0 ] ; then\n    # print error to STDERR\n    echo \"error: The sandbox is not in sync with the Podfile.lock. Run 'pod install' or update your CocoaPods installation.\" >&2\n    exit 1\nfi\n# This output is used by Xcode 'outputs' to avoid re-running this script phase.\necho \"SUCCESS\" > \"${SCRIPT_OUTPUT_FILE_0}\"\n";
			showEnvVarsInLog = 0;
		};
		D8C502EEE3E94FF63D2AE21B /* [CP] Check Pods Manifest.lock */ = {
			isa = PBXShellScriptBuildPhase;
			buildActionMask = 2147483647;
			files = (
			);
			inputPaths = (
				"${PODS_PODFILE_DIR_PATH}/Podfile.lock",
				"${PODS_ROOT}/Manifest.lock",
			);
			name = "[CP] Check Pods Manifest.lock";
			outputPaths = (
				"$(DERIVED_FILE_DIR)/Pods-LKXFrameworkForiOSTests-checkManifestLockResult.txt",
			);
			runOnlyForDeploymentPostprocessing = 0;
			shellPath = /bin/sh;
			shellScript = "diff \"${PODS_PODFILE_DIR_PATH}/Podfile.lock\" \"${PODS_ROOT}/Manifest.lock\" > /dev/null\nif [ $? != 0 ] ; then\n    # print error to STDERR\n    echo \"error: The sandbox is not in sync with the Podfile.lock. Run 'pod install' or update your CocoaPods installation.\" >&2\n    exit 1\nfi\n# This output is used by Xcode 'outputs' to avoid re-running this script phase.\necho \"SUCCESS\" > \"${SCRIPT_OUTPUT_FILE_0}\"\n";
			showEnvVarsInLog = 0;
		};
/* End PBXShellScriptBuildPhase section */

/* Begin PBXSourcesBuildPhase section */
		163DF2061CC6000600A2DA26 /* Sources */ = {
			isa = PBXSourcesBuildPhase;
			buildActionMask = 2147483647;
			files = (
				168F01161FB40B9200CBFC6F /* main.m in Sources */,
				16E348521F56C60E005E30B8 /* LKXEstimatedRowHeightCell.m in Sources */,
				166C73471D4B4FBF00D66FEA /* CAShapeLayer+LKXCategory.m in Sources */,
				16CEDDBE1D4AFBBE006C09CC /* LKXBaseViewController.m in Sources */,
				166C734D1D4B4FBF00D66FEA /* NSString+LKXCategory.m in Sources */,
				16CEDDD81D4AFC1C006C09CC /* LKXTableViewCell.m in Sources */,
				16D51F0722A7610100F27E8C /* SecureArchiverDelegate.m in Sources */,
				166C73531D4B4FBF00D66FEA /* UIImage+LKXCategory.m in Sources */,
				16CEDDD41D4AFC1C006C09CC /* LKXReloadView.m in Sources */,
				16E878DD1E94958900893C25 /* LKXDevicePowerTool.m in Sources */,
				1626DC371DE82DC9005C70C2 /* LKXApplicationInfo.m in Sources */,
				16875DF01DE43F3300F09085 /* LKXTouchIDValidateTool.m in Sources */,
				166C735B1D4B4FBF00D66FEA /* LKXTextView.m in Sources */,
				166C734F1D4B4FBF00D66FEA /* NSString+LKXVerification.m in Sources */,
				16CEDDC21D4AFBBE006C09CC /* LKXTabBarController.m in Sources */,
				166C73581D4B4FBF00D66FEA /* ChineseToPinyin.m in Sources */,
				166C73641D4B4FBF00D66FEA /* ReachabilityTool.m in Sources */,
				16774A711EC419BD00602906 /* LKXWKWebDemoViewController.m in Sources */,
				16CA80541DB728DE00FF5F1A /* LKXError.m in Sources */,
				169852911EE79CAF00F04D62 /* LKXWebProgressView.m in Sources */,
				1665ED761F287214000CCD4F /* LKXAlertTool.m in Sources */,
				166489B91D4B076B0037F789 /* LKXBarButton.m in Sources */,
				16347F011DB8D22A00D997C7 /* UIControl+LKXRuntime.m in Sources */,
				166C734C1D4B4FBF00D66FEA /* NSMutableAttributedString+LKXCategory.m in Sources */,
				1684C7761E7F81ED0006B43D /* LKXWKWebViewController.m in Sources */,
				16CEDDC31D4AFBBE006C09CC /* LKXTableViewController.m in Sources */,
				164EAD7F1FBBDFD800BAFED4 /* LKXStretchingHeaderViewController.m in Sources */,
				16CEDDD31D4AFC1C006C09CC /* LKXCollectionViewCell.m in Sources */,
				16CEDDD51D4AFC1C006C09CC /* LKXSameLengthCollectionViewFlowLayout.m in Sources */,
				166C735E1D4B4FBF00D66FEA /* LKXSpringCollectionViewFlowLayout.m in Sources */,
				166C73451D4B4FBF00D66FEA /* NSLayoutConstraint+Horizontal.m in Sources */,
				16FA226C1E94ED740000D710 /* LKXCalendarTool.m in Sources */,
				163B6E4D2387D493009C7D5B /* LKXUser.m in Sources */,
				16CEDDBF1D4AFBBE006C09CC /* LKXCollectionViewController.m in Sources */,
				16BE78A91FB53D640084CBA8 /* UIImage+LKXHack.m in Sources */,
				16CEDDD71D4AFC1C006C09CC /* LKXTabBarButton.m in Sources */,
				166C734E1D4B4FBF00D66FEA /* NSString+LKXEncryption.m in Sources */,
				160AAABB22EEC9FB00F69973 /* LKXTabBarItemModel.m in Sources */,
				166C73651D4B4FBF00D66FEA /* AFNetWorkingTool.m in Sources */,
				166C734B1D4B4FBF00D66FEA /* NSDate+LKXFormatter.m in Sources */,
				16CEDDC01D4AFBBE006C09CC /* LKXNavigationController.m in Sources */,
				168F011F1FB40C3C00CBFC6F /* NSObject+LKXRuntime.m in Sources */,
				164EAD821FBBEFE800BAFED4 /* UINavigationController+LKXCategory.m in Sources */,
				166C734A1D4B4FBF00D66FEA /* NSDate+LKXCategory.m in Sources */,
				16CEDDC41D4AFBBE006C09CC /* LKXWebViewController.m in Sources */,
				16CA807E1DB755DB00FF5F1A /* LKXcardPassesViewController.m in Sources */,
				168F01191FB40B9200CBFC6F /* AppDelegate.m in Sources */,
				166C73491D4B4FBF00D66FEA /* NSData+LKXCategory.m in Sources */,
				16E3484F1F56C3CC005E30B8 /* LKXEstimatedRowHeightViewController.m in Sources */,
				16994AF61F93182E00DC878F /* LKXImagePickerTool.m in Sources */,
				166C73441D4B4FBF00D66FEA /* NSLayoutConstraint+Addition.m in Sources */,
				1685CD3E22A8F75A007D3AD1 /* LKXKeychainTool.m in Sources */,
				166C73591D4B4FBF00D66FEA /* LKX_Tooles.m in Sources */,
				166C73511D4B4FBF00D66FEA /* UIColor+LKXCategory.m in Sources */,
				16A7D49D1D4AFF9B00160D34 /* LKXConstString.m in Sources */,
				169589D925330289009E4311 /* UIView+LKXBase.m in Sources */,
				166C73481D4B4FBF00D66FEA /* NSArray+LKXCategory.m in Sources */,
				166C735C1D4B4FBF00D66FEA /* UIView+Common.m in Sources */,
				166C73461D4B4FBF00D66FEA /* NSLayoutConstraint+Vertical.m in Sources */,
				166C73661D4B4FBF00D66FEA /* LKXRequestManager.m in Sources */,
				166C735F1D4B4FBF00D66FEA /* LKXTextField.m in Sources */,
				166C735D1D4B4FBF00D66FEA /* LKXEmailSendTool.m in Sources */,
				16D51F0822A7610100F27E8C /* SimpleKeychainWrapper.m in Sources */,
				16CEDDC11D4AFBBE006C09CC /* LKXScrollViewController.m in Sources */,
				16CEDDD91D4AFC1C006C09CC /* UIBarButtonItem+LKXCategory.m in Sources */,
				16366EB1234E119E00E1BFD2 /* NSTimer+LKXWeakTime.m in Sources */,
				16CEDDD61D4AFC1C006C09CC /* LKXTabBar.m in Sources */,
				166C73571D4B4FBF00D66FEA /* LKXBigButton.m in Sources */,
				166C73611D4B4FBF00D66FEA /* MBHUDTool.m in Sources */,
				166C73541D4B4FBF00D66FEA /* UIWebView+LKXCallPhone.m in Sources */,
			);
			runOnlyForDeploymentPostprocessing = 0;
		};
		163DF21F1CC6000600A2DA26 /* Sources */ = {
			isa = PBXSourcesBuildPhase;
			buildActionMask = 2147483647;
			files = (
				164EAD841FBC4AA900BAFED4 /* LKXUserTests.m in Sources */,
				163DF2281CC6000600A2DA26 /* LKXFrameworkForiOSTests.m in Sources */,
			);
			runOnlyForDeploymentPostprocessing = 0;
		};
		163DF22A1CC6000600A2DA26 /* Sources */ = {
			isa = PBXSourcesBuildPhase;
			buildActionMask = 2147483647;
			files = (
				163DF2331CC6000600A2DA26 /* LKXFrameworkForiOSUITests.m in Sources */,
			);
			runOnlyForDeploymentPostprocessing = 0;
		};
/* End PBXSourcesBuildPhase section */

/* Begin PBXTargetDependency section */
		163DF2251CC6000600A2DA26 /* PBXTargetDependency */ = {
			isa = PBXTargetDependency;
			target = 163DF2091CC6000600A2DA26 /* LKXFrameworkForiOS */;
			targetProxy = 163DF2241CC6000600A2DA26 /* PBXContainerItemProxy */;
		};
		163DF2301CC6000600A2DA26 /* PBXTargetDependency */ = {
			isa = PBXTargetDependency;
			target = 163DF2091CC6000600A2DA26 /* LKXFrameworkForiOS */;
			targetProxy = 163DF22F1CC6000600A2DA26 /* PBXContainerItemProxy */;
		};
/* End PBXTargetDependency section */

/* Begin PBXVariantGroup section */
		16AAA0E222E7096E0007E5BD /* Main.storyboard */ = {
			isa = PBXVariantGroup;
			children = (
				16AAA0E322E7096E0007E5BD /* Base */,
			);
			name = Main.storyboard;
			sourceTree = "<group>";
		};
		16AAA0E522E7097D0007E5BD /* LaunchScreen.storyboard */ = {
			isa = PBXVariantGroup;
			children = (
				16AAA0E622E7097D0007E5BD /* Base */,
			);
			name = LaunchScreen.storyboard;
			sourceTree = "<group>";
		};
/* End PBXVariantGroup section */

/* Begin XCBuildConfiguration section */
		163DF2351CC6000600A2DA26 /* Debug */ = {
			isa = XCBuildConfiguration;
			buildSettings = {
				ALWAYS_SEARCH_USER_PATHS = NO;
				CLANG_ANALYZER_LOCALIZABILITY_NONLOCALIZED = YES;
				CLANG_CXX_LANGUAGE_STANDARD = "gnu++0x";
				CLANG_CXX_LIBRARY = "libc++";
				CLANG_ENABLE_MODULES = YES;
				CLANG_ENABLE_OBJC_ARC = YES;
				CLANG_WARN_BLOCK_CAPTURE_AUTORELEASING = YES;
				CLANG_WARN_BOOL_CONVERSION = YES;
				CLANG_WARN_COMMA = YES;
				CLANG_WARN_CONSTANT_CONVERSION = YES;
				CLANG_WARN_DEPRECATED_OBJC_IMPLEMENTATIONS = YES;
				CLANG_WARN_DIRECT_OBJC_ISA_USAGE = YES_ERROR;
				CLANG_WARN_EMPTY_BODY = YES;
				CLANG_WARN_ENUM_CONVERSION = YES;
				CLANG_WARN_INFINITE_RECURSION = YES;
				CLANG_WARN_INT_CONVERSION = YES;
				CLANG_WARN_NON_LITERAL_NULL_CONVERSION = YES;
				CLANG_WARN_OBJC_IMPLICIT_RETAIN_SELF = YES;
				CLANG_WARN_OBJC_LITERAL_CONVERSION = YES;
				CLANG_WARN_OBJC_ROOT_CLASS = YES_ERROR;
				CLANG_WARN_RANGE_LOOP_ANALYSIS = YES;
				CLANG_WARN_STRICT_PROTOTYPES = YES;
				CLANG_WARN_SUSPICIOUS_MOVE = YES;
				CLANG_WARN_UNREACHABLE_CODE = YES;
				CLANG_WARN__DUPLICATE_METHOD_MATCH = YES;
				"CODE_SIGN_IDENTITY[sdk=iphoneos*]" = "iPhone Developer";
				COPY_PHASE_STRIP = NO;
				DEBUG_INFORMATION_FORMAT = dwarf;
				ENABLE_STRICT_OBJC_MSGSEND = YES;
				ENABLE_TESTABILITY = YES;
				GCC_C_LANGUAGE_STANDARD = gnu99;
				GCC_DYNAMIC_NO_PIC = NO;
				GCC_NO_COMMON_BLOCKS = YES;
				GCC_OPTIMIZATION_LEVEL = 0;
				GCC_PREPROCESSOR_DEFINITIONS = (
					"DEBUG=1",
					"$(inherited)",
				);
				GCC_WARN_64_TO_32_BIT_CONVERSION = YES;
				GCC_WARN_ABOUT_RETURN_TYPE = YES_ERROR;
				GCC_WARN_UNDECLARED_SELECTOR = YES;
				GCC_WARN_UNINITIALIZED_AUTOS = YES_AGGRESSIVE;
				GCC_WARN_UNUSED_FUNCTION = YES;
				GCC_WARN_UNUSED_VARIABLE = YES;
				IPHONEOS_DEPLOYMENT_TARGET = 9.0;
				MTL_ENABLE_DEBUG_INFO = YES;
				ONLY_ACTIVE_ARCH = YES;
				SDKROOT = iphoneos;
				TARGETED_DEVICE_FAMILY = "1,2";
			};
			name = Debug;
		};
		163DF2361CC6000600A2DA26 /* Release */ = {
			isa = XCBuildConfiguration;
			buildSettings = {
				ALWAYS_SEARCH_USER_PATHS = NO;
				CLANG_ANALYZER_LOCALIZABILITY_NONLOCALIZED = YES;
				CLANG_CXX_LANGUAGE_STANDARD = "gnu++0x";
				CLANG_CXX_LIBRARY = "libc++";
				CLANG_ENABLE_MODULES = YES;
				CLANG_ENABLE_OBJC_ARC = YES;
				CLANG_WARN_BLOCK_CAPTURE_AUTORELEASING = YES;
				CLANG_WARN_BOOL_CONVERSION = YES;
				CLANG_WARN_COMMA = YES;
				CLANG_WARN_CONSTANT_CONVERSION = YES;
				CLANG_WARN_DEPRECATED_OBJC_IMPLEMENTATIONS = YES;
				CLANG_WARN_DIRECT_OBJC_ISA_USAGE = YES_ERROR;
				CLANG_WARN_EMPTY_BODY = YES;
				CLANG_WARN_ENUM_CONVERSION = YES;
				CLANG_WARN_INFINITE_RECURSION = YES;
				CLANG_WARN_INT_CONVERSION = YES;
				CLANG_WARN_NON_LITERAL_NULL_CONVERSION = YES;
				CLANG_WARN_OBJC_IMPLICIT_RETAIN_SELF = YES;
				CLANG_WARN_OBJC_LITERAL_CONVERSION = YES;
				CLANG_WARN_OBJC_ROOT_CLASS = YES_ERROR;
				CLANG_WARN_RANGE_LOOP_ANALYSIS = YES;
				CLANG_WARN_STRICT_PROTOTYPES = YES;
				CLANG_WARN_SUSPICIOUS_MOVE = YES;
				CLANG_WARN_UNREACHABLE_CODE = YES;
				CLANG_WARN__DUPLICATE_METHOD_MATCH = YES;
				"CODE_SIGN_IDENTITY[sdk=iphoneos*]" = "iPhone Developer";
				COPY_PHASE_STRIP = NO;
				DEBUG_INFORMATION_FORMAT = "dwarf-with-dsym";
				ENABLE_NS_ASSERTIONS = NO;
				ENABLE_STRICT_OBJC_MSGSEND = YES;
				GCC_C_LANGUAGE_STANDARD = gnu99;
				GCC_NO_COMMON_BLOCKS = YES;
				GCC_WARN_64_TO_32_BIT_CONVERSION = YES;
				GCC_WARN_ABOUT_RETURN_TYPE = YES_ERROR;
				GCC_WARN_UNDECLARED_SELECTOR = YES;
				GCC_WARN_UNINITIALIZED_AUTOS = YES_AGGRESSIVE;
				GCC_WARN_UNUSED_FUNCTION = YES;
				GCC_WARN_UNUSED_VARIABLE = YES;
				IPHONEOS_DEPLOYMENT_TARGET = 9.0;
				MTL_ENABLE_DEBUG_INFO = NO;
				SDKROOT = iphoneos;
				TARGETED_DEVICE_FAMILY = "1,2";
				VALIDATE_PRODUCT = YES;
			};
			name = Release;
		};
		163DF2381CC6000600A2DA26 /* Debug */ = {
			isa = XCBuildConfiguration;
			baseConfigurationReference = 69800328C8106D951611520F /* Pods-LKXFrameworkForiOS.debug.xcconfig */;
			buildSettings = {
				ASSETCATALOG_COMPILER_APPICON_NAME = AppIcon;
				CODE_SIGN_IDENTITY = "Apple Development";
				CODE_SIGN_STYLE = Automatic;
				DEVELOPMENT_TEAM = CCE8HZ4H5D;
				ENABLE_STRICT_OBJC_MSGSEND = NO;
				GCC_PREFIX_HEADER = "$(SRCROOT)/LKXFrameworkForiOS/Classes/Expand/Other/LKXFrameworkForiOS-Prefix.pch";
				INFOPLIST_FILE = LKXFrameworkForiOS/Launch/Info.plist;
				IPHONEOS_DEPLOYMENT_TARGET = 9.0;
				LD_RUNPATH_SEARCH_PATHS = "$(inherited) @executable_path/Frameworks";
				MARKETING_VERSION = 1.0.0;
				PRODUCT_BUNDLE_IDENTIFIER = person.LKX.LKXFrameworkForiOS;
				PRODUCT_NAME = "$(TARGET_NAME)";
				PROVISIONING_PROFILE_SPECIFIER = "";
				TARGETED_DEVICE_FAMILY = "1,2";
				USER_HEADER_SEARCH_PATHS = "$(PODS_ROOT)/**";
				WARNING_CFLAGS = "";
			};
			name = Debug;
		};
		163DF2391CC6000600A2DA26 /* Release */ = {
			isa = XCBuildConfiguration;
			baseConfigurationReference = 9D47BA3D11BF59435EA5CA0B /* Pods-LKXFrameworkForiOS.release.xcconfig */;
			buildSettings = {
				ASSETCATALOG_COMPILER_APPICON_NAME = AppIcon;
				DEVELOPMENT_TEAM = CCE8HZ4H5D;
				ENABLE_STRICT_OBJC_MSGSEND = NO;
				GCC_PREFIX_HEADER = "$(SRCROOT)/LKXFrameworkForiOS/Classes/Expand/Other/LKXFrameworkForiOS-Prefix.pch";
				INFOPLIST_FILE = LKXFrameworkForiOS/Launch/Info.plist;
				IPHONEOS_DEPLOYMENT_TARGET = 9.0;
				LD_RUNPATH_SEARCH_PATHS = "$(inherited) @executable_path/Frameworks";
				MARKETING_VERSION = 1.0.0;
				PRODUCT_BUNDLE_IDENTIFIER = person.LKX.LKXFrameworkForiOS;
				PRODUCT_NAME = "$(TARGET_NAME)";
				TARGETED_DEVICE_FAMILY = "1,2";
				USER_HEADER_SEARCH_PATHS = "$(PODS_ROOT)/**";
				WARNING_CFLAGS = "";
			};
			name = Release;
		};
		163DF23B1CC6000600A2DA26 /* Debug */ = {
			isa = XCBuildConfiguration;
			baseConfigurationReference = 99AF9ED19EBEE9815F358D19 /* Pods-LKXFrameworkForiOSTests.debug.xcconfig */;
			buildSettings = {
				BUNDLE_LOADER = "$(TEST_HOST)";
				DEVELOPMENT_TEAM = CCE8HZ4H5D;
				INFOPLIST_FILE = LKXFrameworkForiOSTests/Info.plist;
				LD_RUNPATH_SEARCH_PATHS = "$(inherited) @executable_path/Frameworks @loader_path/Frameworks";
				PRODUCT_BUNDLE_IDENTIFIER = person.lkx.LKXFrameworkForiOSTests;
				PRODUCT_NAME = "$(TARGET_NAME)";
				TEST_HOST = "$(BUILT_PRODUCTS_DIR)/LKXFrameworkForiOS.app/LKXFrameworkForiOS";
			};
			name = Debug;
		};
		163DF23C1CC6000600A2DA26 /* Release */ = {
			isa = XCBuildConfiguration;
			baseConfigurationReference = B1FF06A3A5E8A58C76C8BC94 /* Pods-LKXFrameworkForiOSTests.release.xcconfig */;
			buildSettings = {
				BUNDLE_LOADER = "$(TEST_HOST)";
				DEVELOPMENT_TEAM = CCE8HZ4H5D;
				INFOPLIST_FILE = LKXFrameworkForiOSTests/Info.plist;
				LD_RUNPATH_SEARCH_PATHS = "$(inherited) @executable_path/Frameworks @loader_path/Frameworks";
				PRODUCT_BUNDLE_IDENTIFIER = person.lkx.LKXFrameworkForiOSTests;
				PRODUCT_NAME = "$(TARGET_NAME)";
				TEST_HOST = "$(BUILT_PRODUCTS_DIR)/LKXFrameworkForiOS.app/LKXFrameworkForiOS";
			};
			name = Release;
		};
		163DF23E1CC6000600A2DA26 /* Debug */ = {
			isa = XCBuildConfiguration;
			baseConfigurationReference = 3E712AB314C683A435D46C28 /* Pods-LKXFrameworkForiOSUITests.debug.xcconfig */;
			buildSettings = {
				DEVELOPMENT_TEAM = CCE8HZ4H5D;
				GCC_PREFIX_HEADER = "";
				INFOPLIST_FILE = LKXFrameworkForiOSUITests/Info.plist;
				LD_RUNPATH_SEARCH_PATHS = "$(inherited) @executable_path/Frameworks @loader_path/Frameworks";
				PRODUCT_BUNDLE_IDENTIFIER = person.lkx.LKXFrameworkForiOSUITests;
				PRODUCT_NAME = "$(TARGET_NAME)";
				TEST_TARGET_NAME = LKXFrameworkForiOS;
				USES_XCTRUNNER = YES;
			};
			name = Debug;
		};
		163DF23F1CC6000600A2DA26 /* Release */ = {
			isa = XCBuildConfiguration;
			baseConfigurationReference = 430FC4758B75B723EB324B77 /* Pods-LKXFrameworkForiOSUITests.release.xcconfig */;
			buildSettings = {
				DEVELOPMENT_TEAM = CCE8HZ4H5D;
				INFOPLIST_FILE = LKXFrameworkForiOSUITests/Info.plist;
				LD_RUNPATH_SEARCH_PATHS = "$(inherited) @executable_path/Frameworks @loader_path/Frameworks";
				PRODUCT_BUNDLE_IDENTIFIER = person.lkx.LKXFrameworkForiOSUITests;
				PRODUCT_NAME = "$(TARGET_NAME)";
				TEST_TARGET_NAME = LKXFrameworkForiOS;
				USES_XCTRUNNER = YES;
			};
			name = Release;
		};
/* End XCBuildConfiguration section */

/* Begin XCConfigurationList section */
		163DF2051CC6000600A2DA26 /* Build configuration list for PBXProject "LKXFrameworkForiOS" */ = {
			isa = XCConfigurationList;
			buildConfigurations = (
				163DF2351CC6000600A2DA26 /* Debug */,
				163DF2361CC6000600A2DA26 /* Release */,
			);
			defaultConfigurationIsVisible = 0;
			defaultConfigurationName = Release;
		};
		163DF2371CC6000600A2DA26 /* Build configuration list for PBXNativeTarget "LKXFrameworkForiOS" */ = {
			isa = XCConfigurationList;
			buildConfigurations = (
				163DF2381CC6000600A2DA26 /* Debug */,
				163DF2391CC6000600A2DA26 /* Release */,
			);
			defaultConfigurationIsVisible = 0;
			defaultConfigurationName = Release;
		};
		163DF23A1CC6000600A2DA26 /* Build configuration list for PBXNativeTarget "LKXFrameworkForiOSTests" */ = {
			isa = XCConfigurationList;
			buildConfigurations = (
				163DF23B1CC6000600A2DA26 /* Debug */,
				163DF23C1CC6000600A2DA26 /* Release */,
			);
			defaultConfigurationIsVisible = 0;
			defaultConfigurationName = Release;
		};
		163DF23D1CC6000600A2DA26 /* Build configuration list for PBXNativeTarget "LKXFrameworkForiOSUITests" */ = {
			isa = XCConfigurationList;
			buildConfigurations = (
				163DF23E1CC6000600A2DA26 /* Debug */,
				163DF23F1CC6000600A2DA26 /* Release */,
			);
			defaultConfigurationIsVisible = 0;
			defaultConfigurationName = Release;
		};
/* End XCConfigurationList section */
	};
	rootObject = 163DF2021CC6000600A2DA26 /* Project object */;
}
